// !$*UTF8*$!
{
	archiveVersion = 1;
	classes = {
	};
	objectVersion = 46;
	objects = {

/* Begin PBXBuildFile section */
		B408E524ECE4447F9D46C601 /* libPods.a in Frameworks */ = {isa = PBXBuildFile; fileRef = B9679409E8794543B4987960 /* libPods.a */; };
		CF0A35C4179CFB57000399C4 /* Foundation.framework in Frameworks */ = {isa = PBXBuildFile; fileRef = CF0A35C3179CFB57000399C4 /* Foundation.framework */; };
		CF0A35C6179CFB57000399C4 /* CoreGraphics.framework in Frameworks */ = {isa = PBXBuildFile; fileRef = CF0A35C5179CFB57000399C4 /* CoreGraphics.framework */; };
		CF0A35C8179CFB57000399C4 /* UIKit.framework in Frameworks */ = {isa = PBXBuildFile; fileRef = CF0A35C7179CFB57000399C4 /* UIKit.framework */; };
		CF0A35CE179CFB57000399C4 /* InfoPlist.strings in Resources */ = {isa = PBXBuildFile; fileRef = CF0A35CC179CFB57000399C4 /* InfoPlist.strings */; };
		CF0A35D0179CFB57000399C4 /* main.m in Sources */ = {isa = PBXBuildFile; fileRef = CF0A35CF179CFB57000399C4 /* main.m */; };
		CF0A35D4179CFB57000399C4 /* HBAPAppDelegate.m in Sources */ = {isa = PBXBuildFile; fileRef = CF0A35D3179CFB57000399C4 /* HBAPAppDelegate.m */; };
		CF0A35D6179CFB58000399C4 /* Images.xcassets in Resources */ = {isa = PBXBuildFile; fileRef = CF0A35D5179CFB58000399C4 /* Images.xcassets */; };
		CF0A35DD179CFB58000399C4 /* XCTest.framework in Frameworks */ = {isa = PBXBuildFile; fileRef = CF0A35DC179CFB58000399C4 /* XCTest.framework */; };
		CF0A35DE179CFB58000399C4 /* Foundation.framework in Frameworks */ = {isa = PBXBuildFile; fileRef = CF0A35C3179CFB57000399C4 /* Foundation.framework */; };
		CF0A35DF179CFB58000399C4 /* UIKit.framework in Frameworks */ = {isa = PBXBuildFile; fileRef = CF0A35C7179CFB57000399C4 /* UIKit.framework */; };
		CF0A35E7179CFB58000399C4 /* InfoPlist.strings in Resources */ = {isa = PBXBuildFile; fileRef = CF0A35E5179CFB58000399C4 /* InfoPlist.strings */; };
		CF0A35E9179CFB58000399C4 /* AphelionTests.m in Sources */ = {isa = PBXBuildFile; fileRef = CF0A35E8179CFB58000399C4 /* AphelionTests.m */; };
		CF0A35F8179D005A000399C4 /* HBAPRootViewController.m in Sources */ = {isa = PBXBuildFile; fileRef = CF0A35F4179CFFAB000399C4 /* HBAPRootViewController.m */; };
		CF174982182DEC32002D3506 /* api.twitter.com.cer in Resources */ = {isa = PBXBuildFile; fileRef = CF174981182DEC32002D3506 /* api.twitter.com.cer */; };
		CF174985182E404E002D3506 /* HBAPProfileHeaderTableViewCell.m in Sources */ = {isa = PBXBuildFile; fileRef = CF174984182E404E002D3506 /* HBAPProfileHeaderTableViewCell.m */; };
		CF174989182E67F9002D3506 /* UIColor+HBAdditions.m in Sources */ = {isa = PBXBuildFile; fileRef = CF174988182E67F9002D3506 /* UIColor+HBAdditions.m */; };
		CF17498D182EAEFA002D3506 /* HBAPProfileBioTableViewCell.m in Sources */ = {isa = PBXBuildFile; fileRef = CF17498C182EAEFA002D3506 /* HBAPProfileBioTableViewCell.m */; };
		CF1A4B4C1836325A00F549B0 /* HBAPPreferencesTableViewCell.m in Sources */ = {isa = PBXBuildFile; fileRef = CF1A4B4B1836325A00F549B0 /* HBAPPreferencesTableViewCell.m */; };
		CF1A4B4F1836327A00F549B0 /* HBAPAboutTitleTableViewCell.m in Sources */ = {isa = PBXBuildFile; fileRef = CF1A4B4E1836327A00F549B0 /* HBAPAboutTitleTableViewCell.m */; };
		CF1A4B54183632D900F549B0 /* HBAPAboutIconTableViewCell.m in Sources */ = {isa = PBXBuildFile; fileRef = CF1A4B53183632D900F549B0 /* HBAPAboutIconTableViewCell.m */; };
		CF1A4B581836350600F549B0 /* HBAPAboutUserTableViewCell.m in Sources */ = {isa = PBXBuildFile; fileRef = CF1A4B571836350600F549B0 /* HBAPAboutUserTableViewCell.m */; };
		CF1A4B5C1836360000F549B0 /* HBAPAboutLicenseTableViewCell.m in Sources */ = {isa = PBXBuildFile; fileRef = CF1A4B5B1836360000F549B0 /* HBAPAboutLicenseTableViewCell.m */; };
		CF1A4B60183637FC00F549B0 /* HBAPAboutViewController.m in Sources */ = {isa = PBXBuildFile; fileRef = CF1A4B5F183637FC00F549B0 /* HBAPAboutViewController.m */; };
		CF1A4B6318363F8500F549B0 /* PrefsAbout.plist in Resources */ = {isa = PBXBuildFile; fileRef = CF1A4B6218363F8500F549B0 /* PrefsAbout.plist */; };
		CF1A4B6618366D1700F549B0 /* HBAPFontViewController.m in Sources */ = {isa = PBXBuildFile; fileRef = CF1A4B6518366D1700F549B0 /* HBAPFontViewController.m */; };
		CF1A4B6A18366D6800F549B0 /* HBAPFontManager.m in Sources */ = {isa = PBXBuildFile; fileRef = CF1A4B6918366D6800F549B0 /* HBAPFontManager.m */; };
		CF2B279C17F685CA00425DE2 /* NSString+HBAdditions.m in Sources */ = {isa = PBXBuildFile; fileRef = CF2B279B17F685CA00425DE2 /* NSString+HBAdditions.m */; };
		CF4244CE17EDB6D3000FD08A /* HBAPTwitterAPISessionManager.m in Sources */ = {isa = PBXBuildFile; fileRef = CF4244CD17EDB6D3000FD08A /* HBAPTwitterAPISessionManager.m */; };
		CF486CBD17DC0BBA00CECEF1 /* MobileCoreServices.framework in Frameworks */ = {isa = PBXBuildFile; fileRef = CF486CBC17DC0BBA00CECEF1 /* MobileCoreServices.framework */; };
		CF49206E17F75D3900FE0C2E /* HBAPTweetAttributedStringFactory.m in Sources */ = {isa = PBXBuildFile; fileRef = CF49206D17F75D3900FE0C2E /* HBAPTweetAttributedStringFactory.m */; };
		CF5283C3180EC86800F3162C /* HBAPTweetComposeTableViewCell.m in Sources */ = {isa = PBXBuildFile; fileRef = CF5283C2180EC86800F3162C /* HBAPTweetComposeTableViewCell.m */; };
		CF5283C71811512200F3162C /* HBAPPreferencesViewController.m in Sources */ = {isa = PBXBuildFile; fileRef = CF5283C61811512200F3162C /* HBAPPreferencesViewController.m */; };
		CF5283CB181154BB00F3162C /* HBAPAvatarSwitchButton.m in Sources */ = {isa = PBXBuildFile; fileRef = CF5283CA181154BB00F3162C /* HBAPAvatarSwitchButton.m */; };
		CF5283CF181156A800F3162C /* HBAPUserListViewController.m in Sources */ = {isa = PBXBuildFile; fileRef = CF5283CE181156A800F3162C /* HBAPUserListViewController.m */; };
		CF5283D31811583B00F3162C /* HBAPUserTableViewCell.m in Sources */ = {isa = PBXBuildFile; fileRef = CF5283D21811583B00F3162C /* HBAPUserTableViewCell.m */; };
		CF5283D718115B7100F3162C /* HBAPAvatarView.m in Sources */ = {isa = PBXBuildFile; fileRef = CF5283D618115B7100F3162C /* HBAPAvatarView.m */; };
		CF5283DB18116ACC00F3162C /* HBAPAccountSwitchViewController.m in Sources */ = {isa = PBXBuildFile; fileRef = CF5283DA18116ACC00F3162C /* HBAPAccountSwitchViewController.m */; };
		CF5666C5183CC69600E5DA72 /* HBAPTwitterOAuthSessionManager.m in Sources */ = {isa = PBXBuildFile; fileRef = CF5666C4183CC69600E5DA72 /* HBAPTwitterOAuthSessionManager.m */; };
		CF5666CB1841845A00E5DA72 /* HBAPImageSessionManager.m in Sources */ = {isa = PBXBuildFile; fileRef = CF5666CA1841845A00E5DA72 /* HBAPImageSessionManager.m */; };
		CF5666CF1841C0F400E5DA72 /* HBAPTableViewCell.m in Sources */ = {isa = PBXBuildFile; fileRef = CF5666CE1841C0F400E5DA72 /* HBAPTableViewCell.m */; };
		CF5666D31841FD5D00E5DA72 /* HBAPThemeTableViewCell.m in Sources */ = {isa = PBXBuildFile; fileRef = CF5666D21841FD5D00E5DA72 /* HBAPThemeTableViewCell.m */; };
		CF5666D71842153600E5DA72 /* HBAPCacheManager.m in Sources */ = {isa = PBXBuildFile; fileRef = CF5666D61842153600E5DA72 /* HBAPCacheManager.m */; };
		CF58C2C2183757EA006BEF99 /* fonts.plist in Resources */ = {isa = PBXBuildFile; fileRef = CF58C2C1183757EA006BEF99 /* fonts.plist */; };
		CF5A9A10181FD8A5005AF563 /* HBAPTwitterConfiguration.m in Sources */ = {isa = PBXBuildFile; fileRef = CF5A9A0F181FD8A5005AF563 /* HBAPTwitterConfiguration.m */; };
		CF5A9A13181FDEE3005AF563 /* configuration.plist in Resources */ = {isa = PBXBuildFile; fileRef = CF5A9A12181FDEE3005AF563 /* configuration.plist */; };
		CF5A9A16182142F4005AF563 /* PrefsRoot.plist in Resources */ = {isa = PBXBuildFile; fileRef = CF5A9A15182142F4005AF563 /* PrefsRoot.plist */; };
		CF6D11D918334E460099988E /* HBAPProfileDataTableViewCell.m in Sources */ = {isa = PBXBuildFile; fileRef = CF6D11D818334E460099988E /* HBAPProfileDataTableViewCell.m */; };
		CF6D11DD183378670099988E /* HBAPImageCache.m in Sources */ = {isa = PBXBuildFile; fileRef = CF6D11DC183378670099988E /* HBAPImageCache.m */; };
		CF6D11E318339B220099988E /* HBAPDominantColor.m in Sources */ = {isa = PBXBuildFile; fileRef = CF6D11E218339B220099988E /* HBAPDominantColor.m */; };
		CF86FC68179D628800AFC007 /* HBAPTimelineViewController.m in Sources */ = {isa = PBXBuildFile; fileRef = CF0A35FA179D0144000399C4 /* HBAPTimelineViewController.m */; };
		CF86FC6D179D771D00AFC007 /* HBAPHomeTimelineViewController.m in Sources */ = {isa = PBXBuildFile; fileRef = CF86FC6A179D688F00AFC007 /* HBAPHomeTimelineViewController.m */; };
		CF86FC9E179ED34600AFC007 /* HBAPWelcomeViewController.m in Sources */ = {isa = PBXBuildFile; fileRef = CF86FC9C179ED22500AFC007 /* HBAPWelcomeViewController.m */; };
		CF86FCA217A0286F00AFC007 /* HBAPImportAccountController.m in Sources */ = {isa = PBXBuildFile; fileRef = CF86FCA017A027A200AFC007 /* HBAPImportAccountController.m */; };
		CF86FCA417A0297600AFC007 /* Social.framework in Frameworks */ = {isa = PBXBuildFile; fileRef = CF86FCA317A0297600AFC007 /* Social.framework */; };
		CF86FCA617A02A2200AFC007 /* Accounts.framework in Frameworks */ = {isa = PBXBuildFile; fileRef = CF86FCA517A02A2200AFC007 /* Accounts.framework */; };
		CF8D1760182562EC00F50CE1 /* HBAPThemeViewController.m in Sources */ = {isa = PBXBuildFile; fileRef = CF8D175F182562EC00F50CE1 /* HBAPThemeViewController.m */; };
		CF8D17641825760200F50CE1 /* HBAPThemeManager.m in Sources */ = {isa = PBXBuildFile; fileRef = CF8D17631825760200F50CE1 /* HBAPThemeManager.m */; };
		CF8D176718257F4D00F50CE1 /* themes.plist in Resources */ = {isa = PBXBuildFile; fileRef = CF8D176618257F4D00F50CE1 /* themes.plist */; };
		CF8D176A1826214600F50CE1 /* HBAPTableViewController.m in Sources */ = {isa = PBXBuildFile; fileRef = CF8D17691826214600F50CE1 /* HBAPTableViewController.m */; };
		CF8D17701826218400F50CE1 /* HBAPViewController.m in Sources */ = {isa = PBXBuildFile; fileRef = CF8D176F1826218400F50CE1 /* HBAPViewController.m */; };
		CF8E0C7617A302BD00AF80B5 /* HBAPTweet.m in Sources */ = {isa = PBXBuildFile; fileRef = CF8E0C7017A2FBE500AF80B5 /* HBAPTweet.m */; };
		CF8E0C7717A302BD00AF80B5 /* HBAPUser.m in Sources */ = {isa = PBXBuildFile; fileRef = CF8E0C7417A2FD5200AF80B5 /* HBAPUser.m */; };
		CF91CFA417F472BD0091D86D /* HBAPTweetEntity.m in Sources */ = {isa = PBXBuildFile; fileRef = CF91CFA317F472BD0091D86D /* HBAPTweetEntity.m */; };
		CF91CFA717F593CB0091D86D /* HBAPTweetTextStorage.m in Sources */ = {isa = PBXBuildFile; fileRef = CF91CFA617F593CB0091D86D /* HBAPTweetTextStorage.m */; };
		CFB25BEB17FA9F3B006E95A2 /* HBAPBackgroundView.m in Sources */ = {isa = PBXBuildFile; fileRef = CFB25BEA17FA9F3B006E95A2 /* HBAPBackgroundView.m */; };
		CFB25BF317FAA855006E95A2 /* HBAPMentionsTimelineViewController.m in Sources */ = {isa = PBXBuildFile; fileRef = CFB25BF217FAA855006E95A2 /* HBAPMentionsTimelineViewController.m */; };
		CFB25BF717FAA881006E95A2 /* HBAPMessagesViewController.m in Sources */ = {isa = PBXBuildFile; fileRef = CFB25BF617FAA881006E95A2 /* HBAPMessagesViewController.m */; };
		CFB25BFB17FAA899006E95A2 /* HBAPSearchTimelineViewController.m in Sources */ = {isa = PBXBuildFile; fileRef = CFB25BFA17FAA899006E95A2 /* HBAPSearchTimelineViewController.m */; };
		CFB25BFF17FAAADF006E95A2 /* HBAPProfileViewController.m in Sources */ = {isa = PBXBuildFile; fileRef = CFB25BFE17FAAADF006E95A2 /* HBAPProfileViewController.m */; };
		CFB25C0117FB2B49006E95A2 /* HBAPAvatarButton.m in Sources */ = {isa = PBXBuildFile; fileRef = CFBB1D0117D4A8ED0069A8D5 /* HBAPAvatarButton.m */; };
		CFBB1D1817D4A8ED0069A8D5 /* HBAPAccount.m in Sources */ = {isa = PBXBuildFile; fileRef = CFBB1CFB17D4A8ED0069A8D5 /* HBAPAccount.m */; };
		CFBB1D2017D4A8ED0069A8D5 /* HBAPTutorialViewController.m in Sources */ = {isa = PBXBuildFile; fileRef = CFBB1D0B17D4A8ED0069A8D5 /* HBAPTutorialViewController.m */; };
		CFBB1D2217D4A8ED0069A8D5 /* HBAPTweetDetailViewController.m in Sources */ = {isa = PBXBuildFile; fileRef = CFBB1D0F17D4A8ED0069A8D5 /* HBAPTweetDetailViewController.m */; };
		CFBB1D2317D4A8ED0069A8D5 /* HBAPTweetTableViewCell.m in Sources */ = {isa = PBXBuildFile; fileRef = CFBB1D1117D4A8ED0069A8D5 /* HBAPTweetTableViewCell.m */; };
		CFC09E3D182CBE840066511C /* HBAPTweetSendingController.m in Sources */ = {isa = PBXBuildFile; fileRef = CFC09E3C182CBE840066511C /* HBAPTweetSendingController.m */; };
		CFC09E41182CFA790066511C /* HBAPOAuth1RequestSerializer.m in Sources */ = {isa = PBXBuildFile; fileRef = CFC09E40182CFA790066511C /* HBAPOAuth1RequestSerializer.m */; };
		CFCEBF1E17D891BB00BDCEDA /* HBAPAccountController.m in Sources */ = {isa = PBXBuildFile; fileRef = CFCEBF1D17D891BB00BDCEDA /* HBAPAccountController.m */; };
		CFCEBF2717D9C13A00BDCEDA /* HBAPNavigationController.m in Sources */ = {isa = PBXBuildFile; fileRef = CFCEBF2617D9C13A00BDCEDA /* HBAPNavigationController.m */; };
		CFCEBF2A17DAC01400BDCEDA /* CFNetwork.framework in Frameworks */ = {isa = PBXBuildFile; fileRef = CFCEBF2917DAC01400BDCEDA /* CFNetwork.framework */; };
		CFCEBF2C17DAC01900BDCEDA /* QuartzCore.framework in Frameworks */ = {isa = PBXBuildFile; fileRef = CFCEBF2B17DAC01800BDCEDA /* QuartzCore.framework */; };
		CFCEBF3817DAD91100BDCEDA /* Security.framework in Frameworks */ = {isa = PBXBuildFile; fileRef = CFCEBF3717DAD91100BDCEDA /* Security.framework */; };
		CFCEBF3A17DAD96400BDCEDA /* SystemConfiguration.framework in Frameworks */ = {isa = PBXBuildFile; fileRef = CFCEBF3917DAD96400BDCEDA /* SystemConfiguration.framework */; };
		CFDAD49817EF197E0083F730 /* HBAPSidebarButton.m in Sources */ = {isa = PBXBuildFile; fileRef = CFDAD49717EF197E0083F730 /* HBAPSidebarButton.m */; };
		CFE8822C181C4367002CEDAD /* HBAPOAuth1SessionManager.m in Sources */ = {isa = PBXBuildFile; fileRef = CFE8822B181C4367002CEDAD /* HBAPOAuth1SessionManager.m */; };
		CFEC2B8118018B7E00A88B3C /* HBAPHomeTabBarController.m in Sources */ = {isa = PBXBuildFile; fileRef = CFEC2B8018018B7E00A88B3C /* HBAPHomeTabBarController.m */; };
		CFEC2B8518019B3300A88B3C /* HBAPDebug.m in Sources */ = {isa = PBXBuildFile; fileRef = CFEC2B8418019B3300A88B3C /* HBAPDebug.m */; };
		CFEC2B8D1802AB6000A88B3C /* HBAPTimelineComposeViewController.m in Sources */ = {isa = PBXBuildFile; fileRef = CFEC2B8C1802AB6000A88B3C /* HBAPTimelineComposeViewController.m */; };
/* End PBXBuildFile section */

/* Begin PBXContainerItemProxy section */
		CF0A35E0179CFB58000399C4 /* PBXContainerItemProxy */ = {
			isa = PBXContainerItemProxy;
			containerPortal = CF0A35B8179CFB57000399C4 /* Project object */;
			proxyType = 1;
			remoteGlobalIDString = CF0A35BF179CFB57000399C4;
			remoteInfo = Aphelion;
		};
/* End PBXContainerItemProxy section */

/* Begin PBXFileReference section */
		7672486C0EFD4689B560671A /* Pods.xcconfig */ = {isa = PBXFileReference; includeInIndex = 1; lastKnownFileType = text.xcconfig; name = Pods.xcconfig; path = Pods/Pods.xcconfig; sourceTree = SOURCE_ROOT; };
		B9679409E8794543B4987960 /* libPods.a */ = {isa = PBXFileReference; explicitFileType = archive.ar; includeInIndex = 0; path = libPods.a; sourceTree = BUILT_PRODUCTS_DIR; };
		CF0A35C0179CFB57000399C4 /* Aphelion.app */ = {isa = PBXFileReference; explicitFileType = wrapper.application; includeInIndex = 0; path = Aphelion.app; sourceTree = BUILT_PRODUCTS_DIR; };
		CF0A35C3179CFB57000399C4 /* Foundation.framework */ = {isa = PBXFileReference; lastKnownFileType = wrapper.framework; name = Foundation.framework; path = System/Library/Frameworks/Foundation.framework; sourceTree = SDKROOT; };
		CF0A35C5179CFB57000399C4 /* CoreGraphics.framework */ = {isa = PBXFileReference; lastKnownFileType = wrapper.framework; name = CoreGraphics.framework; path = System/Library/Frameworks/CoreGraphics.framework; sourceTree = SDKROOT; };
		CF0A35C7179CFB57000399C4 /* UIKit.framework */ = {isa = PBXFileReference; lastKnownFileType = wrapper.framework; name = UIKit.framework; path = System/Library/Frameworks/UIKit.framework; sourceTree = SDKROOT; };
		CF0A35CB179CFB57000399C4 /* Aphelion-Info.plist */ = {isa = PBXFileReference; lastKnownFileType = text.plist.xml; path = "Aphelion-Info.plist"; sourceTree = "<group>"; };
		CF0A35CD179CFB57000399C4 /* en */ = {isa = PBXFileReference; lastKnownFileType = text.plist.strings; name = en; path = en.lproj/InfoPlist.strings; sourceTree = "<group>"; };
		CF0A35CF179CFB57000399C4 /* main.m */ = {isa = PBXFileReference; lastKnownFileType = sourcecode.c.objc; path = main.m; sourceTree = "<group>"; };
		CF0A35D1179CFB57000399C4 /* Aphelion-Prefix.pch */ = {isa = PBXFileReference; lastKnownFileType = sourcecode.c.h; path = "Aphelion-Prefix.pch"; sourceTree = "<group>"; };
		CF0A35D2179CFB57000399C4 /* HBAPAppDelegate.h */ = {isa = PBXFileReference; lastKnownFileType = sourcecode.c.h; path = HBAPAppDelegate.h; sourceTree = "<group>"; };
		CF0A35D3179CFB57000399C4 /* HBAPAppDelegate.m */ = {isa = PBXFileReference; lastKnownFileType = sourcecode.c.objc; path = HBAPAppDelegate.m; sourceTree = "<group>"; };
		CF0A35D5179CFB58000399C4 /* Images.xcassets */ = {isa = PBXFileReference; lastKnownFileType = folder.assetcatalog; path = Images.xcassets; sourceTree = "<group>"; };
		CF0A35DB179CFB58000399C4 /* AphelionTests.xctest */ = {isa = PBXFileReference; explicitFileType = wrapper.cfbundle; includeInIndex = 0; path = AphelionTests.xctest; sourceTree = BUILT_PRODUCTS_DIR; };
		CF0A35DC179CFB58000399C4 /* XCTest.framework */ = {isa = PBXFileReference; lastKnownFileType = wrapper.framework; name = XCTest.framework; path = Library/Frameworks/XCTest.framework; sourceTree = DEVELOPER_DIR; };
		CF0A35E4179CFB58000399C4 /* AphelionTests-Info.plist */ = {isa = PBXFileReference; lastKnownFileType = text.plist.xml; path = "AphelionTests-Info.plist"; sourceTree = "<group>"; };
		CF0A35E6179CFB58000399C4 /* en */ = {isa = PBXFileReference; lastKnownFileType = text.plist.strings; name = en; path = en.lproj/InfoPlist.strings; sourceTree = "<group>"; };
		CF0A35E8179CFB58000399C4 /* AphelionTests.m */ = {isa = PBXFileReference; lastKnownFileType = sourcecode.c.objc; path = AphelionTests.m; sourceTree = "<group>"; };
		CF0A35F3179CFFAB000399C4 /* HBAPRootViewController.h */ = {isa = PBXFileReference; lastKnownFileType = sourcecode.c.h; path = HBAPRootViewController.h; sourceTree = "<group>"; };
		CF0A35F4179CFFAB000399C4 /* HBAPRootViewController.m */ = {isa = PBXFileReference; lastKnownFileType = sourcecode.c.objc; path = HBAPRootViewController.m; sourceTree = "<group>"; };
		CF0A35F9179D0144000399C4 /* HBAPTimelineViewController.h */ = {isa = PBXFileReference; lastKnownFileType = sourcecode.c.h; path = HBAPTimelineViewController.h; sourceTree = "<group>"; };
		CF0A35FA179D0144000399C4 /* HBAPTimelineViewController.m */ = {isa = PBXFileReference; lastKnownFileType = sourcecode.c.objc; path = HBAPTimelineViewController.m; sourceTree = "<group>"; };
		CF174981182DEC32002D3506 /* api.twitter.com.cer */ = {isa = PBXFileReference; fileEncoding = 4; lastKnownFileType = text; name = api.twitter.com.cer; path = Resources/api.twitter.com.cer; sourceTree = SOURCE_ROOT; };
		CF174983182E404E002D3506 /* HBAPProfileHeaderTableViewCell.h */ = {isa = PBXFileReference; fileEncoding = 4; lastKnownFileType = sourcecode.c.h; path = HBAPProfileHeaderTableViewCell.h; sourceTree = "<group>"; };
		CF174984182E404E002D3506 /* HBAPProfileHeaderTableViewCell.m */ = {isa = PBXFileReference; fileEncoding = 4; lastKnownFileType = sourcecode.c.objc; path = HBAPProfileHeaderTableViewCell.m; sourceTree = "<group>"; };
		CF174987182E67F9002D3506 /* UIColor+HBAdditions.h */ = {isa = PBXFileReference; fileEncoding = 4; lastKnownFileType = sourcecode.c.h; name = "UIColor+HBAdditions.h"; path = "Aphelion/UIColor+HBAdditions.h"; sourceTree = "<group>"; };
		CF174988182E67F9002D3506 /* UIColor+HBAdditions.m */ = {isa = PBXFileReference; fileEncoding = 4; lastKnownFileType = sourcecode.c.objc; name = "UIColor+HBAdditions.m"; path = "Aphelion/UIColor+HBAdditions.m"; sourceTree = "<group>"; };
		CF17498B182EAEFA002D3506 /* HBAPProfileBioTableViewCell.h */ = {isa = PBXFileReference; fileEncoding = 4; lastKnownFileType = sourcecode.c.h; path = HBAPProfileBioTableViewCell.h; sourceTree = "<group>"; };
		CF17498C182EAEFA002D3506 /* HBAPProfileBioTableViewCell.m */ = {isa = PBXFileReference; fileEncoding = 4; lastKnownFileType = sourcecode.c.objc; path = HBAPProfileBioTableViewCell.m; sourceTree = "<group>"; };
		CF1A4B4A1836325A00F549B0 /* HBAPPreferencesTableViewCell.h */ = {isa = PBXFileReference; fileEncoding = 4; lastKnownFileType = sourcecode.c.h; name = HBAPPreferencesTableViewCell.h; path = Aphelion/HBAPPreferencesTableViewCell.h; sourceTree = "<group>"; };
		CF1A4B4B1836325A00F549B0 /* HBAPPreferencesTableViewCell.m */ = {isa = PBXFileReference; fileEncoding = 4; lastKnownFileType = sourcecode.c.objc; name = HBAPPreferencesTableViewCell.m; path = Aphelion/HBAPPreferencesTableViewCell.m; sourceTree = "<group>"; };
		CF1A4B4D1836327A00F549B0 /* HBAPAboutTitleTableViewCell.h */ = {isa = PBXFileReference; fileEncoding = 4; lastKnownFileType = sourcecode.c.h; name = HBAPAboutTitleTableViewCell.h; path = Aphelion/HBAPAboutTitleTableViewCell.h; sourceTree = "<group>"; };
		CF1A4B4E1836327A00F549B0 /* HBAPAboutTitleTableViewCell.m */ = {isa = PBXFileReference; fileEncoding = 4; lastKnownFileType = sourcecode.c.objc; name = HBAPAboutTitleTableViewCell.m; path = Aphelion/HBAPAboutTitleTableViewCell.m; sourceTree = "<group>"; };
		CF1A4B52183632D900F549B0 /* HBAPAboutIconTableViewCell.h */ = {isa = PBXFileReference; fileEncoding = 4; lastKnownFileType = sourcecode.c.h; name = HBAPAboutIconTableViewCell.h; path = Aphelion/HBAPAboutIconTableViewCell.h; sourceTree = "<group>"; };
		CF1A4B53183632D900F549B0 /* HBAPAboutIconTableViewCell.m */ = {isa = PBXFileReference; fileEncoding = 4; lastKnownFileType = sourcecode.c.objc; name = HBAPAboutIconTableViewCell.m; path = Aphelion/HBAPAboutIconTableViewCell.m; sourceTree = "<group>"; };
		CF1A4B561836350600F549B0 /* HBAPAboutUserTableViewCell.h */ = {isa = PBXFileReference; fileEncoding = 4; lastKnownFileType = sourcecode.c.h; path = HBAPAboutUserTableViewCell.h; sourceTree = "<group>"; };
		CF1A4B571836350600F549B0 /* HBAPAboutUserTableViewCell.m */ = {isa = PBXFileReference; fileEncoding = 4; lastKnownFileType = sourcecode.c.objc; path = HBAPAboutUserTableViewCell.m; sourceTree = "<group>"; };
		CF1A4B5A1836360000F549B0 /* HBAPAboutLicenseTableViewCell.h */ = {isa = PBXFileReference; fileEncoding = 4; lastKnownFileType = sourcecode.c.h; name = HBAPAboutLicenseTableViewCell.h; path = Aphelion/HBAPAboutLicenseTableViewCell.h; sourceTree = "<group>"; };
		CF1A4B5B1836360000F549B0 /* HBAPAboutLicenseTableViewCell.m */ = {isa = PBXFileReference; fileEncoding = 4; lastKnownFileType = sourcecode.c.objc; name = HBAPAboutLicenseTableViewCell.m; path = Aphelion/HBAPAboutLicenseTableViewCell.m; sourceTree = "<group>"; };
		CF1A4B5E183637FC00F549B0 /* HBAPAboutViewController.h */ = {isa = PBXFileReference; fileEncoding = 4; lastKnownFileType = sourcecode.c.h; path = HBAPAboutViewController.h; sourceTree = "<group>"; };
		CF1A4B5F183637FC00F549B0 /* HBAPAboutViewController.m */ = {isa = PBXFileReference; fileEncoding = 4; lastKnownFileType = sourcecode.c.objc; path = HBAPAboutViewController.m; sourceTree = "<group>"; };
		CF1A4B6218363F8500F549B0 /* PrefsAbout.plist */ = {isa = PBXFileReference; fileEncoding = 4; lastKnownFileType = text.plist.xml; name = PrefsAbout.plist; path = Resources/PrefsAbout.plist; sourceTree = SOURCE_ROOT; };
		CF1A4B6418366D1700F549B0 /* HBAPFontViewController.h */ = {isa = PBXFileReference; fileEncoding = 4; lastKnownFileType = sourcecode.c.h; path = HBAPFontViewController.h; sourceTree = "<group>"; };
		CF1A4B6518366D1700F549B0 /* HBAPFontViewController.m */ = {isa = PBXFileReference; fileEncoding = 4; lastKnownFileType = sourcecode.c.objc; path = HBAPFontViewController.m; sourceTree = "<group>"; };
		CF1A4B6818366D6800F549B0 /* HBAPFontManager.h */ = {isa = PBXFileReference; fileEncoding = 4; lastKnownFileType = sourcecode.c.h; name = HBAPFontManager.h; path = Aphelion/HBAPFontManager.h; sourceTree = "<group>"; };
		CF1A4B6918366D6800F549B0 /* HBAPFontManager.m */ = {isa = PBXFileReference; fileEncoding = 4; lastKnownFileType = sourcecode.c.objc; name = HBAPFontManager.m; path = Aphelion/HBAPFontManager.m; sourceTree = "<group>"; };
		CF2B279A17F685CA00425DE2 /* NSString+HBAdditions.h */ = {isa = PBXFileReference; fileEncoding = 4; lastKnownFileType = sourcecode.c.h; path = "NSString+HBAdditions.h"; sourceTree = "<group>"; };
		CF2B279B17F685CA00425DE2 /* NSString+HBAdditions.m */ = {isa = PBXFileReference; fileEncoding = 4; lastKnownFileType = sourcecode.c.objc; path = "NSString+HBAdditions.m"; sourceTree = "<group>"; };
		CF423F5217FFE76C00AFA3BA /* libstdc++.dylib */ = {isa = PBXFileReference; lastKnownFileType = "compiled.mach-o.dylib"; name = "libstdc++.dylib"; path = "usr/lib/libstdc++.dylib"; sourceTree = SDKROOT; };
		CF423F5417FFE77100AFA3BA /* JavaScriptCore.framework */ = {isa = PBXFileReference; lastKnownFileType = wrapper.framework; name = JavaScriptCore.framework; path = System/Library/Frameworks/JavaScriptCore.framework; sourceTree = SDKROOT; };
		CF4244CC17EDB6D3000FD08A /* HBAPTwitterAPISessionManager.h */ = {isa = PBXFileReference; fileEncoding = 4; lastKnownFileType = sourcecode.c.h; path = HBAPTwitterAPISessionManager.h; sourceTree = "<group>"; };
		CF4244CD17EDB6D3000FD08A /* HBAPTwitterAPISessionManager.m */ = {isa = PBXFileReference; fileEncoding = 4; lastKnownFileType = sourcecode.c.objc; path = HBAPTwitterAPISessionManager.m; sourceTree = "<group>"; };
		CF486CBC17DC0BBA00CECEF1 /* MobileCoreServices.framework */ = {isa = PBXFileReference; lastKnownFileType = wrapper.framework; name = MobileCoreServices.framework; path = System/Library/Frameworks/MobileCoreServices.framework; sourceTree = SDKROOT; };
		CF49206C17F75D3900FE0C2E /* HBAPTweetAttributedStringFactory.h */ = {isa = PBXFileReference; fileEncoding = 4; lastKnownFileType = sourcecode.c.h; path = HBAPTweetAttributedStringFactory.h; sourceTree = "<group>"; };
		CF49206D17F75D3900FE0C2E /* HBAPTweetAttributedStringFactory.m */ = {isa = PBXFileReference; fileEncoding = 4; lastKnownFileType = sourcecode.c.objc; path = HBAPTweetAttributedStringFactory.m; sourceTree = "<group>"; };
		CF5283C1180EC86800F3162C /* HBAPTweetComposeTableViewCell.h */ = {isa = PBXFileReference; fileEncoding = 4; lastKnownFileType = sourcecode.c.h; path = HBAPTweetComposeTableViewCell.h; sourceTree = "<group>"; };
		CF5283C2180EC86800F3162C /* HBAPTweetComposeTableViewCell.m */ = {isa = PBXFileReference; fileEncoding = 4; lastKnownFileType = sourcecode.c.objc; path = HBAPTweetComposeTableViewCell.m; sourceTree = "<group>"; };
		CF5283C51811512200F3162C /* HBAPPreferencesViewController.h */ = {isa = PBXFileReference; fileEncoding = 4; lastKnownFileType = sourcecode.c.h; path = HBAPPreferencesViewController.h; sourceTree = "<group>"; };
		CF5283C61811512200F3162C /* HBAPPreferencesViewController.m */ = {isa = PBXFileReference; fileEncoding = 4; lastKnownFileType = sourcecode.c.objc; path = HBAPPreferencesViewController.m; sourceTree = "<group>"; };
		CF5283C9181154BB00F3162C /* HBAPAvatarSwitchButton.h */ = {isa = PBXFileReference; fileEncoding = 4; lastKnownFileType = sourcecode.c.h; path = HBAPAvatarSwitchButton.h; sourceTree = "<group>"; };
		CF5283CA181154BB00F3162C /* HBAPAvatarSwitchButton.m */ = {isa = PBXFileReference; fileEncoding = 4; lastKnownFileType = sourcecode.c.objc; path = HBAPAvatarSwitchButton.m; sourceTree = "<group>"; };
		CF5283CD181156A800F3162C /* HBAPUserListViewController.h */ = {isa = PBXFileReference; fileEncoding = 4; lastKnownFileType = sourcecode.c.h; path = HBAPUserListViewController.h; sourceTree = "<group>"; };
		CF5283CE181156A800F3162C /* HBAPUserListViewController.m */ = {isa = PBXFileReference; fileEncoding = 4; lastKnownFileType = sourcecode.c.objc; path = HBAPUserListViewController.m; sourceTree = "<group>"; };
		CF5283D11811583B00F3162C /* HBAPUserTableViewCell.h */ = {isa = PBXFileReference; fileEncoding = 4; lastKnownFileType = sourcecode.c.h; path = HBAPUserTableViewCell.h; sourceTree = "<group>"; };
		CF5283D21811583B00F3162C /* HBAPUserTableViewCell.m */ = {isa = PBXFileReference; fileEncoding = 4; lastKnownFileType = sourcecode.c.objc; path = HBAPUserTableViewCell.m; sourceTree = "<group>"; };
		CF5283D518115B7100F3162C /* HBAPAvatarView.h */ = {isa = PBXFileReference; fileEncoding = 4; lastKnownFileType = sourcecode.c.h; path = HBAPAvatarView.h; sourceTree = "<group>"; };
		CF5283D618115B7100F3162C /* HBAPAvatarView.m */ = {isa = PBXFileReference; fileEncoding = 4; lastKnownFileType = sourcecode.c.objc; path = HBAPAvatarView.m; sourceTree = "<group>"; };
		CF5283D918116ACC00F3162C /* HBAPAccountSwitchViewController.h */ = {isa = PBXFileReference; fileEncoding = 4; lastKnownFileType = sourcecode.c.h; path = HBAPAccountSwitchViewController.h; sourceTree = "<group>"; };
		CF5283DA18116ACC00F3162C /* HBAPAccountSwitchViewController.m */ = {isa = PBXFileReference; fileEncoding = 4; lastKnownFileType = sourcecode.c.objc; path = HBAPAccountSwitchViewController.m; sourceTree = "<group>"; };
		CF52AD571801745C001F1D57 /* Cycript.framework */ = {isa = PBXFileReference; lastKnownFileType = wrapper.framework; name = Cycript.framework; path = ../../../../../Library/Frameworks/Cycript.framework; sourceTree = "<absolute>"; };
		CF5666C3183CC69600E5DA72 /* HBAPTwitterOAuthSessionManager.h */ = {isa = PBXFileReference; fileEncoding = 4; lastKnownFileType = sourcecode.c.h; path = HBAPTwitterOAuthSessionManager.h; sourceTree = "<group>"; };
		CF5666C4183CC69600E5DA72 /* HBAPTwitterOAuthSessionManager.m */ = {isa = PBXFileReference; fileEncoding = 4; lastKnownFileType = sourcecode.c.objc; path = HBAPTwitterOAuthSessionManager.m; sourceTree = "<group>"; };
		CF5666C91841845A00E5DA72 /* HBAPImageSessionManager.h */ = {isa = PBXFileReference; fileEncoding = 4; lastKnownFileType = sourcecode.c.h; path = HBAPImageSessionManager.h; sourceTree = "<group>"; };
		CF5666CA1841845A00E5DA72 /* HBAPImageSessionManager.m */ = {isa = PBXFileReference; fileEncoding = 4; lastKnownFileType = sourcecode.c.objc; path = HBAPImageSessionManager.m; sourceTree = "<group>"; };
		CF5666CD1841C0F400E5DA72 /* HBAPTableViewCell.h */ = {isa = PBXFileReference; fileEncoding = 4; lastKnownFileType = sourcecode.c.h; path = HBAPTableViewCell.h; sourceTree = "<group>"; };
		CF5666CE1841C0F400E5DA72 /* HBAPTableViewCell.m */ = {isa = PBXFileReference; fileEncoding = 4; lastKnownFileType = sourcecode.c.objc; path = HBAPTableViewCell.m; sourceTree = "<group>"; };
		CF5666D11841FD5D00E5DA72 /* HBAPThemeTableViewCell.h */ = {isa = PBXFileReference; fileEncoding = 4; lastKnownFileType = sourcecode.c.h; path = HBAPThemeTableViewCell.h; sourceTree = "<group>"; };
		CF5666D21841FD5D00E5DA72 /* HBAPThemeTableViewCell.m */ = {isa = PBXFileReference; fileEncoding = 4; lastKnownFileType = sourcecode.c.objc; path = HBAPThemeTableViewCell.m; sourceTree = "<group>"; };
		CF5666D51842153600E5DA72 /* HBAPCacheManager.h */ = {isa = PBXFileReference; fileEncoding = 4; lastKnownFileType = sourcecode.c.h; name = HBAPCacheManager.h; path = Aphelion/HBAPCacheManager.h; sourceTree = "<group>"; };
		CF5666D61842153600E5DA72 /* HBAPCacheManager.m */ = {isa = PBXFileReference; fileEncoding = 4; lastKnownFileType = sourcecode.c.objc; name = HBAPCacheManager.m; path = Aphelion/HBAPCacheManager.m; sourceTree = "<group>"; };
		CF58C2C1183757EA006BEF99 /* fonts.plist */ = {isa = PBXFileReference; fileEncoding = 4; lastKnownFileType = text.plist.xml; name = fonts.plist; path = Resources/fonts.plist; sourceTree = SOURCE_ROOT; };
		CF5A9A0E181FD8A5005AF563 /* HBAPTwitterConfiguration.h */ = {isa = PBXFileReference; fileEncoding = 4; lastKnownFileType = sourcecode.c.h; name = HBAPTwitterConfiguration.h; path = Aphelion/HBAPTwitterConfiguration.h; sourceTree = "<group>"; };
		CF5A9A0F181FD8A5005AF563 /* HBAPTwitterConfiguration.m */ = {isa = PBXFileReference; fileEncoding = 4; lastKnownFileType = sourcecode.c.objc; name = HBAPTwitterConfiguration.m; path = Aphelion/HBAPTwitterConfiguration.m; sourceTree = "<group>"; };
		CF5A9A12181FDEE3005AF563 /* configuration.plist */ = {isa = PBXFileReference; fileEncoding = 4; lastKnownFileType = text.plist.xml; name = configuration.plist; path = Resources/configuration.plist; sourceTree = SOURCE_ROOT; };
		CF5A9A15182142F4005AF563 /* PrefsRoot.plist */ = {isa = PBXFileReference; fileEncoding = 4; lastKnownFileType = text.plist.xml; name = PrefsRoot.plist; path = Resources/PrefsRoot.plist; sourceTree = SOURCE_ROOT; };
		CF6D11D718334E460099988E /* HBAPProfileDataTableViewCell.h */ = {isa = PBXFileReference; fileEncoding = 4; lastKnownFileType = sourcecode.c.h; path = HBAPProfileDataTableViewCell.h; sourceTree = "<group>"; };
		CF6D11D818334E460099988E /* HBAPProfileDataTableViewCell.m */ = {isa = PBXFileReference; fileEncoding = 4; lastKnownFileType = sourcecode.c.objc; path = HBAPProfileDataTableViewCell.m; sourceTree = "<group>"; };
		CF6D11DB183378670099988E /* HBAPImageCache.h */ = {isa = PBXFileReference; fileEncoding = 4; lastKnownFileType = sourcecode.c.h; path = HBAPImageCache.h; sourceTree = "<group>"; };
		CF6D11DC183378670099988E /* HBAPImageCache.m */ = {isa = PBXFileReference; fileEncoding = 4; lastKnownFileType = sourcecode.c.objc; path = HBAPImageCache.m; sourceTree = "<group>"; };
		CF6D11E118339B220099988E /* HBAPDominantColor.h */ = {isa = PBXFileReference; fileEncoding = 4; lastKnownFileType = sourcecode.c.h; name = HBAPDominantColor.h; path = Aphelion/HBAPDominantColor.h; sourceTree = "<group>"; };
		CF6D11E218339B220099988E /* HBAPDominantColor.m */ = {isa = PBXFileReference; fileEncoding = 4; lastKnownFileType = sourcecode.c.objc; name = HBAPDominantColor.m; path = Aphelion/HBAPDominantColor.m; sourceTree = "<group>"; };
		CF86FC69179D688F00AFC007 /* HBAPHomeTimelineViewController.h */ = {isa = PBXFileReference; lastKnownFileType = sourcecode.c.h; path = HBAPHomeTimelineViewController.h; sourceTree = "<group>"; };
		CF86FC6A179D688F00AFC007 /* HBAPHomeTimelineViewController.m */ = {isa = PBXFileReference; lastKnownFileType = sourcecode.c.objc; path = HBAPHomeTimelineViewController.m; sourceTree = "<group>"; };
		CF86FC9B179ED22500AFC007 /* HBAPWelcomeViewController.h */ = {isa = PBXFileReference; lastKnownFileType = sourcecode.c.h; path = HBAPWelcomeViewController.h; sourceTree = "<group>"; };
		CF86FC9C179ED22500AFC007 /* HBAPWelcomeViewController.m */ = {isa = PBXFileReference; lastKnownFileType = sourcecode.c.objc; path = HBAPWelcomeViewController.m; sourceTree = "<group>"; };
		CF86FC9F17A027A200AFC007 /* HBAPImportAccountController.h */ = {isa = PBXFileReference; lastKnownFileType = sourcecode.c.h; path = HBAPImportAccountController.h; sourceTree = "<group>"; };
		CF86FCA017A027A200AFC007 /* HBAPImportAccountController.m */ = {isa = PBXFileReference; lastKnownFileType = sourcecode.c.objc; path = HBAPImportAccountController.m; sourceTree = "<group>"; };
		CF86FCA317A0297600AFC007 /* Social.framework */ = {isa = PBXFileReference; lastKnownFileType = wrapper.framework; name = Social.framework; path = System/Library/Frameworks/Social.framework; sourceTree = SDKROOT; };
		CF86FCA517A02A2200AFC007 /* Accounts.framework */ = {isa = PBXFileReference; lastKnownFileType = wrapper.framework; name = Accounts.framework; path = System/Library/Frameworks/Accounts.framework; sourceTree = SDKROOT; };
		CF8D175E182562EC00F50CE1 /* HBAPThemeViewController.h */ = {isa = PBXFileReference; fileEncoding = 4; lastKnownFileType = sourcecode.c.h; path = HBAPThemeViewController.h; sourceTree = "<group>"; };
		CF8D175F182562EC00F50CE1 /* HBAPThemeViewController.m */ = {isa = PBXFileReference; fileEncoding = 4; lastKnownFileType = sourcecode.c.objc; path = HBAPThemeViewController.m; sourceTree = "<group>"; };
		CF8D17621825760200F50CE1 /* HBAPThemeManager.h */ = {isa = PBXFileReference; fileEncoding = 4; lastKnownFileType = sourcecode.c.h; name = HBAPThemeManager.h; path = Aphelion/HBAPThemeManager.h; sourceTree = "<group>"; };
		CF8D17631825760200F50CE1 /* HBAPThemeManager.m */ = {isa = PBXFileReference; fileEncoding = 4; lastKnownFileType = sourcecode.c.objc; name = HBAPThemeManager.m; path = Aphelion/HBAPThemeManager.m; sourceTree = "<group>"; };
		CF8D176618257F4D00F50CE1 /* themes.plist */ = {isa = PBXFileReference; fileEncoding = 4; lastKnownFileType = text.plist.xml; name = themes.plist; path = Resources/themes.plist; sourceTree = SOURCE_ROOT; };
		CF8D17681826214600F50CE1 /* HBAPTableViewController.h */ = {isa = PBXFileReference; fileEncoding = 4; lastKnownFileType = sourcecode.c.h; name = HBAPTableViewController.h; path = Aphelion/HBAPTableViewController.h; sourceTree = "<group>"; };
		CF8D17691826214600F50CE1 /* HBAPTableViewController.m */ = {isa = PBXFileReference; fileEncoding = 4; lastKnownFileType = sourcecode.c.objc; name = HBAPTableViewController.m; path = Aphelion/HBAPTableViewController.m; sourceTree = "<group>"; };
		CF8D176E1826218400F50CE1 /* HBAPViewController.h */ = {isa = PBXFileReference; fileEncoding = 4; lastKnownFileType = sourcecode.c.h; path = HBAPViewController.h; sourceTree = "<group>"; };
		CF8D176F1826218400F50CE1 /* HBAPViewController.m */ = {isa = PBXFileReference; fileEncoding = 4; lastKnownFileType = sourcecode.c.objc; path = HBAPViewController.m; sourceTree = "<group>"; };
		CF8E0C6F17A2FBE500AF80B5 /* HBAPTweet.h */ = {isa = PBXFileReference; lastKnownFileType = sourcecode.c.h; name = HBAPTweet.h; path = Aphelion/HBAPTweet.h; sourceTree = "<group>"; };
		CF8E0C7017A2FBE500AF80B5 /* HBAPTweet.m */ = {isa = PBXFileReference; lastKnownFileType = sourcecode.c.objc; name = HBAPTweet.m; path = Aphelion/HBAPTweet.m; sourceTree = "<group>"; };
		CF8E0C7317A2FD5200AF80B5 /* HBAPUser.h */ = {isa = PBXFileReference; lastKnownFileType = sourcecode.c.h; name = HBAPUser.h; path = Aphelion/HBAPUser.h; sourceTree = "<group>"; };
		CF8E0C7417A2FD5200AF80B5 /* HBAPUser.m */ = {isa = PBXFileReference; lastKnownFileType = sourcecode.c.objc; name = HBAPUser.m; path = Aphelion/HBAPUser.m; sourceTree = "<group>"; };
		CF91CFA217F472BD0091D86D /* HBAPTweetEntity.h */ = {isa = PBXFileReference; fileEncoding = 4; lastKnownFileType = sourcecode.c.h; name = HBAPTweetEntity.h; path = Aphelion/HBAPTweetEntity.h; sourceTree = "<group>"; };
		CF91CFA317F472BD0091D86D /* HBAPTweetEntity.m */ = {isa = PBXFileReference; fileEncoding = 4; lastKnownFileType = sourcecode.c.objc; name = HBAPTweetEntity.m; path = Aphelion/HBAPTweetEntity.m; sourceTree = "<group>"; };
		CF91CFA517F593CB0091D86D /* HBAPTweetTextStorage.h */ = {isa = PBXFileReference; fileEncoding = 4; lastKnownFileType = sourcecode.c.h; path = HBAPTweetTextStorage.h; sourceTree = "<group>"; };
		CF91CFA617F593CB0091D86D /* HBAPTweetTextStorage.m */ = {isa = PBXFileReference; fileEncoding = 4; lastKnownFileType = sourcecode.c.objc; path = HBAPTweetTextStorage.m; sourceTree = "<group>"; };
		CFB25BE917FA9F3B006E95A2 /* HBAPBackgroundView.h */ = {isa = PBXFileReference; fileEncoding = 4; lastKnownFileType = sourcecode.c.h; path = HBAPBackgroundView.h; sourceTree = "<group>"; };
		CFB25BEA17FA9F3B006E95A2 /* HBAPBackgroundView.m */ = {isa = PBXFileReference; fileEncoding = 4; lastKnownFileType = sourcecode.c.objc; path = HBAPBackgroundView.m; sourceTree = "<group>"; };
		CFB25BF117FAA855006E95A2 /* HBAPMentionsTimelineViewController.h */ = {isa = PBXFileReference; fileEncoding = 4; lastKnownFileType = sourcecode.c.h; path = HBAPMentionsTimelineViewController.h; sourceTree = "<group>"; };
		CFB25BF217FAA855006E95A2 /* HBAPMentionsTimelineViewController.m */ = {isa = PBXFileReference; fileEncoding = 4; lastKnownFileType = sourcecode.c.objc; path = HBAPMentionsTimelineViewController.m; sourceTree = "<group>"; };
		CFB25BF517FAA881006E95A2 /* HBAPMessagesViewController.h */ = {isa = PBXFileReference; fileEncoding = 4; lastKnownFileType = sourcecode.c.h; path = HBAPMessagesViewController.h; sourceTree = "<group>"; };
		CFB25BF617FAA881006E95A2 /* HBAPMessagesViewController.m */ = {isa = PBXFileReference; fileEncoding = 4; lastKnownFileType = sourcecode.c.objc; path = HBAPMessagesViewController.m; sourceTree = "<group>"; };
		CFB25BF917FAA899006E95A2 /* HBAPSearchTimelineViewController.h */ = {isa = PBXFileReference; fileEncoding = 4; lastKnownFileType = sourcecode.c.h; path = HBAPSearchTimelineViewController.h; sourceTree = "<group>"; };
		CFB25BFA17FAA899006E95A2 /* HBAPSearchTimelineViewController.m */ = {isa = PBXFileReference; fileEncoding = 4; lastKnownFileType = sourcecode.c.objc; path = HBAPSearchTimelineViewController.m; sourceTree = "<group>"; };
		CFB25BFD17FAAADF006E95A2 /* HBAPProfileViewController.h */ = {isa = PBXFileReference; fileEncoding = 4; lastKnownFileType = sourcecode.c.h; path = HBAPProfileViewController.h; sourceTree = "<group>"; };
		CFB25BFE17FAAADF006E95A2 /* HBAPProfileViewController.m */ = {isa = PBXFileReference; fileEncoding = 4; lastKnownFileType = sourcecode.c.objc; path = HBAPProfileViewController.m; sourceTree = "<group>"; };
		CFBB1CFA17D4A8ED0069A8D5 /* HBAPAccount.h */ = {isa = PBXFileReference; fileEncoding = 4; lastKnownFileType = sourcecode.c.h; path = HBAPAccount.h; sourceTree = "<group>"; };
		CFBB1CFB17D4A8ED0069A8D5 /* HBAPAccount.m */ = {isa = PBXFileReference; fileEncoding = 4; lastKnownFileType = sourcecode.c.objc; path = HBAPAccount.m; sourceTree = "<group>"; };
		CFBB1D0017D4A8ED0069A8D5 /* HBAPAvatarButton.h */ = {isa = PBXFileReference; fileEncoding = 4; lastKnownFileType = sourcecode.c.h; path = HBAPAvatarButton.h; sourceTree = "<group>"; };
		CFBB1D0117D4A8ED0069A8D5 /* HBAPAvatarButton.m */ = {isa = PBXFileReference; fileEncoding = 4; lastKnownFileType = sourcecode.c.objc; path = HBAPAvatarButton.m; sourceTree = "<group>"; };
		CFBB1D0A17D4A8ED0069A8D5 /* HBAPTutorialViewController.h */ = {isa = PBXFileReference; fileEncoding = 4; lastKnownFileType = sourcecode.c.h; path = HBAPTutorialViewController.h; sourceTree = "<group>"; };
		CFBB1D0B17D4A8ED0069A8D5 /* HBAPTutorialViewController.m */ = {isa = PBXFileReference; fileEncoding = 4; lastKnownFileType = sourcecode.c.objc; path = HBAPTutorialViewController.m; sourceTree = "<group>"; };
		CFBB1D0E17D4A8ED0069A8D5 /* HBAPTweetDetailViewController.h */ = {isa = PBXFileReference; fileEncoding = 4; lastKnownFileType = sourcecode.c.h; path = HBAPTweetDetailViewController.h; sourceTree = "<group>"; };
		CFBB1D0F17D4A8ED0069A8D5 /* HBAPTweetDetailViewController.m */ = {isa = PBXFileReference; fileEncoding = 4; lastKnownFileType = sourcecode.c.objc; path = HBAPTweetDetailViewController.m; sourceTree = "<group>"; };
		CFBB1D1017D4A8ED0069A8D5 /* HBAPTweetTableViewCell.h */ = {isa = PBXFileReference; fileEncoding = 4; lastKnownFileType = sourcecode.c.h; path = HBAPTweetTableViewCell.h; sourceTree = "<group>"; };
		CFBB1D1117D4A8ED0069A8D5 /* HBAPTweetTableViewCell.m */ = {isa = PBXFileReference; fileEncoding = 4; lastKnownFileType = sourcecode.c.objc; path = HBAPTweetTableViewCell.m; sourceTree = "<group>"; };
		CFC09E3B182CBE840066511C /* HBAPTweetSendingController.h */ = {isa = PBXFileReference; fileEncoding = 4; lastKnownFileType = sourcecode.c.h; name = HBAPTweetSendingController.h; path = Aphelion/HBAPTweetSendingController.h; sourceTree = "<group>"; };
		CFC09E3C182CBE840066511C /* HBAPTweetSendingController.m */ = {isa = PBXFileReference; fileEncoding = 4; lastKnownFileType = sourcecode.c.objc; name = HBAPTweetSendingController.m; path = Aphelion/HBAPTweetSendingController.m; sourceTree = "<group>"; };
		CFC09E3F182CFA790066511C /* HBAPOAuth1RequestSerializer.h */ = {isa = PBXFileReference; fileEncoding = 4; lastKnownFileType = sourcecode.c.h; path = HBAPOAuth1RequestSerializer.h; sourceTree = "<group>"; };
		CFC09E40182CFA790066511C /* HBAPOAuth1RequestSerializer.m */ = {isa = PBXFileReference; fileEncoding = 4; lastKnownFileType = sourcecode.c.objc; path = HBAPOAuth1RequestSerializer.m; sourceTree = "<group>"; };
		CFCEBF1C17D891BB00BDCEDA /* HBAPAccountController.h */ = {isa = PBXFileReference; fileEncoding = 4; lastKnownFileType = sourcecode.c.h; name = HBAPAccountController.h; path = Aphelion/HBAPAccountController.h; sourceTree = "<group>"; };
		CFCEBF1D17D891BB00BDCEDA /* HBAPAccountController.m */ = {isa = PBXFileReference; fileEncoding = 4; lastKnownFileType = sourcecode.c.objc; name = HBAPAccountController.m; path = Aphelion/HBAPAccountController.m; sourceTree = "<group>"; };
		CFCEBF2517D9C13A00BDCEDA /* HBAPNavigationController.h */ = {isa = PBXFileReference; fileEncoding = 4; lastKnownFileType = sourcecode.c.h; path = HBAPNavigationController.h; sourceTree = "<group>"; };
		CFCEBF2617D9C13A00BDCEDA /* HBAPNavigationController.m */ = {isa = PBXFileReference; fileEncoding = 4; lastKnownFileType = sourcecode.c.objc; path = HBAPNavigationController.m; sourceTree = "<group>"; };
		CFCEBF2917DAC01400BDCEDA /* CFNetwork.framework */ = {isa = PBXFileReference; lastKnownFileType = wrapper.framework; name = CFNetwork.framework; path = System/Library/Frameworks/CFNetwork.framework; sourceTree = SDKROOT; };
		CFCEBF2B17DAC01800BDCEDA /* QuartzCore.framework */ = {isa = PBXFileReference; lastKnownFileType = wrapper.framework; name = QuartzCore.framework; path = System/Library/Frameworks/QuartzCore.framework; sourceTree = SDKROOT; };
		CFCEBF3717DAD91100BDCEDA /* Security.framework */ = {isa = PBXFileReference; lastKnownFileType = wrapper.framework; name = Security.framework; path = System/Library/Frameworks/Security.framework; sourceTree = SDKROOT; };
		CFCEBF3917DAD96400BDCEDA /* SystemConfiguration.framework */ = {isa = PBXFileReference; lastKnownFileType = wrapper.framework; name = SystemConfiguration.framework; path = System/Library/Frameworks/SystemConfiguration.framework; sourceTree = SDKROOT; };
		CFDAD49617EF197E0083F730 /* HBAPSidebarButton.h */ = {isa = PBXFileReference; fileEncoding = 4; lastKnownFileType = sourcecode.c.h; path = HBAPSidebarButton.h; sourceTree = "<group>"; };
		CFDAD49717EF197E0083F730 /* HBAPSidebarButton.m */ = {isa = PBXFileReference; fileEncoding = 4; lastKnownFileType = sourcecode.c.objc; path = HBAPSidebarButton.m; sourceTree = "<group>"; };
		CFE8822A181C4367002CEDAD /* HBAPOAuth1SessionManager.h */ = {isa = PBXFileReference; fileEncoding = 4; lastKnownFileType = sourcecode.c.h; path = HBAPOAuth1SessionManager.h; sourceTree = "<group>"; };
		CFE8822B181C4367002CEDAD /* HBAPOAuth1SessionManager.m */ = {isa = PBXFileReference; fileEncoding = 4; lastKnownFileType = sourcecode.c.objc; path = HBAPOAuth1SessionManager.m; sourceTree = "<group>"; };
		CFEC2B7F18018B7E00A88B3C /* HBAPHomeTabBarController.h */ = {isa = PBXFileReference; fileEncoding = 4; lastKnownFileType = sourcecode.c.h; path = HBAPHomeTabBarController.h; sourceTree = "<group>"; };
		CFEC2B8018018B7E00A88B3C /* HBAPHomeTabBarController.m */ = {isa = PBXFileReference; fileEncoding = 4; lastKnownFileType = sourcecode.c.objc; path = HBAPHomeTabBarController.m; sourceTree = "<group>"; };
		CFEC2B8318019B1700A88B3C /* HBAPDebug.h */ = {isa = PBXFileReference; fileEncoding = 4; lastKnownFileType = sourcecode.c.h; path = HBAPDebug.h; sourceTree = "<group>"; };
		CFEC2B8418019B3300A88B3C /* HBAPDebug.m */ = {isa = PBXFileReference; fileEncoding = 4; lastKnownFileType = sourcecode.c.objc; path = HBAPDebug.m; sourceTree = "<group>"; };
		CFEC2B8B1802AB6000A88B3C /* HBAPTimelineComposeViewController.h */ = {isa = PBXFileReference; fileEncoding = 4; lastKnownFileType = sourcecode.c.h; path = HBAPTimelineComposeViewController.h; sourceTree = "<group>"; };
		CFEC2B8C1802AB6000A88B3C /* HBAPTimelineComposeViewController.m */ = {isa = PBXFileReference; fileEncoding = 4; lastKnownFileType = sourcecode.c.objc; path = HBAPTimelineComposeViewController.m; sourceTree = "<group>"; };
/* End PBXFileReference section */

/* Begin PBXFrameworksBuildPhase section */
		CF0A35BD179CFB57000399C4 /* Frameworks */ = {
			isa = PBXFrameworksBuildPhase;
			buildActionMask = 2147483647;
			files = (
				CF86FCA617A02A2200AFC007 /* Accounts.framework in Frameworks */,
				CFCEBF2A17DAC01400BDCEDA /* CFNetwork.framework in Frameworks */,
				CF0A35C6179CFB57000399C4 /* CoreGraphics.framework in Frameworks */,
				CF0A35C4179CFB57000399C4 /* Foundation.framework in Frameworks */,
				CF486CBD17DC0BBA00CECEF1 /* MobileCoreServices.framework in Frameworks */,
				CFCEBF2C17DAC01900BDCEDA /* QuartzCore.framework in Frameworks */,
				CFCEBF3817DAD91100BDCEDA /* Security.framework in Frameworks */,
				CF86FCA417A0297600AFC007 /* Social.framework in Frameworks */,
				CFCEBF3A17DAD96400BDCEDA /* SystemConfiguration.framework in Frameworks */,
				CF0A35C8179CFB57000399C4 /* UIKit.framework in Frameworks */,
				B408E524ECE4447F9D46C601 /* libPods.a in Frameworks */,
			);
			runOnlyForDeploymentPostprocessing = 0;
		};
		CF0A35D8179CFB58000399C4 /* Frameworks */ = {
			isa = PBXFrameworksBuildPhase;
			buildActionMask = 2147483647;
			files = (
				CF0A35DD179CFB58000399C4 /* XCTest.framework in Frameworks */,
				CF0A35DF179CFB58000399C4 /* UIKit.framework in Frameworks */,
				CF0A35DE179CFB58000399C4 /* Foundation.framework in Frameworks */,
			);
			runOnlyForDeploymentPostprocessing = 0;
		};
/* End PBXFrameworksBuildPhase section */

/* Begin PBXGroup section */
		CF0A35B7179CFB57000399C4 = {
			isa = PBXGroup;
			children = (
				CF0A35C9179CFB57000399C4 /* Aphelion */,
				CF0A35E2179CFB58000399C4 /* AphelionTests */,
				CF0A35C2179CFB57000399C4 /* Frameworks */,
				CF0A35C1179CFB57000399C4 /* Products */,
				7672486C0EFD4689B560671A /* Pods.xcconfig */,
			);
			sourceTree = "<group>";
		};
		CF0A35C1179CFB57000399C4 /* Products */ = {
			isa = PBXGroup;
			children = (
				CF0A35C0179CFB57000399C4 /* Aphelion.app */,
				CF0A35DB179CFB58000399C4 /* AphelionTests.xctest */,
			);
			name = Products;
			sourceTree = "<group>";
		};
		CF0A35C2179CFB57000399C4 /* Frameworks */ = {
			isa = PBXGroup;
			children = (
				CF52AD571801745C001F1D57 /* Cycript.framework */,
				CF423F5417FFE77100AFA3BA /* JavaScriptCore.framework */,
				CF423F5217FFE76C00AFA3BA /* libstdc++.dylib */,
				CF86FCA517A02A2200AFC007 /* Accounts.framework */,
				CFCEBF2917DAC01400BDCEDA /* CFNetwork.framework */,
				CF0A35C5179CFB57000399C4 /* CoreGraphics.framework */,
				CF0A35C3179CFB57000399C4 /* Foundation.framework */,
				CF486CBC17DC0BBA00CECEF1 /* MobileCoreServices.framework */,
				CFCEBF2B17DAC01800BDCEDA /* QuartzCore.framework */,
				CFCEBF3717DAD91100BDCEDA /* Security.framework */,
				CF86FCA317A0297600AFC007 /* Social.framework */,
				CFCEBF3917DAD96400BDCEDA /* SystemConfiguration.framework */,
				CF0A35C7179CFB57000399C4 /* UIKit.framework */,
				CF0A35DC179CFB58000399C4 /* XCTest.framework */,
				B9679409E8794543B4987960 /* libPods.a */,
			);
			name = Frameworks;
			sourceTree = "<group>";
		};
		CF0A35C9179CFB57000399C4 /* Aphelion */ = {
			isa = PBXGroup;
			children = (
				CFCEBF2417D8934300BDCEDA /* Interface Subclasses */,
				CF8E0C7217A2FBEF00AF80B5 /* Model */,
				CF0A35F7179CFFBC000399C4 /* View Controllers */,
				CF98143917F5B9BA00FB2171 /* Other Stuff */,
				CF0A35D5179CFB58000399C4 /* Images.xcassets */,
			);
			path = Aphelion;
			sourceTree = "<group>";
		};
		CF0A35CA179CFB57000399C4 /* Supporting Files */ = {
			isa = PBXGroup;
			children = (
				CF174980182DE799002D3506 /* Certificates */,
				CF58C2C3183757ED006BEF99 /* Plists */,
				CF5A9A14182142E9005AF563 /* Preferences */,
				CF0A35CB179CFB57000399C4 /* Aphelion-Info.plist */,
				CF0A35CC179CFB57000399C4 /* InfoPlist.strings */,
				CF0A35CF179CFB57000399C4 /* main.m */,
				CF0A35D1179CFB57000399C4 /* Aphelion-Prefix.pch */,
			);
			name = "Supporting Files";
			sourceTree = "<group>";
		};
		CF0A35E2179CFB58000399C4 /* AphelionTests */ = {
			isa = PBXGroup;
			children = (
				CF0A35E8179CFB58000399C4 /* AphelionTests.m */,
				CF0A35E3179CFB58000399C4 /* Supporting Files */,
			);
			path = AphelionTests;
			sourceTree = "<group>";
		};
		CF0A35E3179CFB58000399C4 /* Supporting Files */ = {
			isa = PBXGroup;
			children = (
				CF0A35E4179CFB58000399C4 /* AphelionTests-Info.plist */,
				CF0A35E5179CFB58000399C4 /* InfoPlist.strings */,
			);
			name = "Supporting Files";
			sourceTree = "<group>";
		};
		CF0A35F2179CFE9D000399C4 /* HBAPAppDelegate */ = {
			isa = PBXGroup;
			children = (
				CF0A35D2179CFB57000399C4 /* HBAPAppDelegate.h */,
				CF0A35D3179CFB57000399C4 /* HBAPAppDelegate.m */,
			);
			name = HBAPAppDelegate;
			path = Aphelion;
			sourceTree = "<group>";
		};
		CF0A35F5179CFFAD000399C4 /* HBAPRootViewController */ = {
			isa = PBXGroup;
			children = (
				CF0A35F3179CFFAB000399C4 /* HBAPRootViewController.h */,
				CF0A35F4179CFFAB000399C4 /* HBAPRootViewController.m */,
			);
			name = HBAPRootViewController;
			sourceTree = "<group>";
		};
		CF0A35F7179CFFBC000399C4 /* View Controllers */ = {
			isa = PBXGroup;
			children = (
				CF8D175C182561EA00F50CE1 /* Twitter */,
				CF8D175D182561F200F50CE1 /* Preferences */,
				CF0A35F5179CFFAD000399C4 /* HBAPRootViewController */,
			);
			name = "View Controllers";
			sourceTree = "<group>";
		};
		CF0A35FB179D0148000399C4 /* HBAPTimelineViewController */ = {
			isa = PBXGroup;
			children = (
				CF0A35F9179D0144000399C4 /* HBAPTimelineViewController.h */,
				CF0A35FA179D0144000399C4 /* HBAPTimelineViewController.m */,
				CFEC2B8E1802AB6300A88B3C /* HBAPTimelineComposeViewController */,
				CFB25BFC17FAA89B006E95A2 /* HBAPSearchTimelineViewController */,
			);
			name = HBAPTimelineViewController;
			sourceTree = "<group>";
		};
		CF174980182DE799002D3506 /* Certificates */ = {
			isa = PBXGroup;
			children = (
				CF174981182DEC32002D3506 /* api.twitter.com.cer */,
			);
			name = Certificates;
			sourceTree = "<group>";
		};
		CF174986182E4050002D3506 /* HBAPProfileHeaderTableViewCell */ = {
			isa = PBXGroup;
			children = (
				CF174983182E404E002D3506 /* HBAPProfileHeaderTableViewCell.h */,
				CF174984182E404E002D3506 /* HBAPProfileHeaderTableViewCell.m */,
			);
			name = HBAPProfileHeaderTableViewCell;
			sourceTree = "<group>";
		};
		CF17498A182E6809002D3506 /* UIColor+HBAdditions */ = {
			isa = PBXGroup;
			children = (
				CF174987182E67F9002D3506 /* UIColor+HBAdditions.h */,
				CF174988182E67F9002D3506 /* UIColor+HBAdditions.m */,
			);
			name = "UIColor+HBAdditions";
			path = ..;
			sourceTree = "<group>";
		};
		CF17498E182EAEFD002D3506 /* HBAPProfileBioTableViewCell */ = {
			isa = PBXGroup;
			children = (
				CF17498B182EAEFA002D3506 /* HBAPProfileBioTableViewCell.h */,
				CF17498C182EAEFA002D3506 /* HBAPProfileBioTableViewCell.m */,
			);
			name = HBAPProfileBioTableViewCell;
			sourceTree = "<group>";
		};
		CF1A4B501836328C00F549B0 /* HBAPAboutTitleTableViewCell */ = {
			isa = PBXGroup;
			children = (
				CF1A4B4D1836327A00F549B0 /* HBAPAboutTitleTableViewCell.h */,
				CF1A4B4E1836327A00F549B0 /* HBAPAboutTitleTableViewCell.m */,
			);
			name = HBAPAboutTitleTableViewCell;
			sourceTree = "<group>";
		};
		CF1A4B511836329600F549B0 /* HBAPPreferencesTableViewCell */ = {
			isa = PBXGroup;
			children = (
				CF1A4B4A1836325A00F549B0 /* HBAPPreferencesTableViewCell.h */,
				CF1A4B4B1836325A00F549B0 /* HBAPPreferencesTableViewCell.m */,
				CF1A4B55183633E800F549B0 /* HBAPAboutIconTableViewCell */,
				CF1A4B5D1836360200F549B0 /* HBAPAboutLicenseTableViewCell */,
				CF1A4B501836328C00F549B0 /* HBAPAboutTitleTableViewCell */,
			);
			name = HBAPPreferencesTableViewCell;
			path = ..;
			sourceTree = "<group>";
		};
		CF1A4B55183633E800F549B0 /* HBAPAboutIconTableViewCell */ = {
			isa = PBXGroup;
			children = (
				CF1A4B52183632D900F549B0 /* HBAPAboutIconTableViewCell.h */,
				CF1A4B53183632D900F549B0 /* HBAPAboutIconTableViewCell.m */,
			);
			name = HBAPAboutIconTableViewCell;
			sourceTree = "<group>";
		};
		CF1A4B591836350800F549B0 /* HBAPAboutUserTableViewCell */ = {
			isa = PBXGroup;
			children = (
				CF1A4B561836350600F549B0 /* HBAPAboutUserTableViewCell.h */,
				CF1A4B571836350600F549B0 /* HBAPAboutUserTableViewCell.m */,
			);
			name = HBAPAboutUserTableViewCell;
			sourceTree = "<group>";
		};
		CF1A4B5D1836360200F549B0 /* HBAPAboutLicenseTableViewCell */ = {
			isa = PBXGroup;
			children = (
				CF1A4B5A1836360000F549B0 /* HBAPAboutLicenseTableViewCell.h */,
				CF1A4B5B1836360000F549B0 /* HBAPAboutLicenseTableViewCell.m */,
			);
			name = HBAPAboutLicenseTableViewCell;
			sourceTree = "<group>";
		};
		CF1A4B61183637FE00F549B0 /* HBAPAboutViewController */ = {
			isa = PBXGroup;
			children = (
				CF1A4B5E183637FC00F549B0 /* HBAPAboutViewController.h */,
				CF1A4B5F183637FC00F549B0 /* HBAPAboutViewController.m */,
			);
			name = HBAPAboutViewController;
			sourceTree = "<group>";
		};
		CF1A4B6718366D1B00F549B0 /* HBAPFontViewController */ = {
			isa = PBXGroup;
			children = (
				CF1A4B6418366D1700F549B0 /* HBAPFontViewController.h */,
				CF1A4B6518366D1700F549B0 /* HBAPFontViewController.m */,
			);
			name = HBAPFontViewController;
			sourceTree = "<group>";
		};
		CF1A4B6B18366D6A00F549B0 /* HBAPFontManager */ = {
			isa = PBXGroup;
			children = (
				CF1A4B6818366D6800F549B0 /* HBAPFontManager.h */,
				CF1A4B6918366D6800F549B0 /* HBAPFontManager.m */,
			);
			name = HBAPFontManager;
			sourceTree = "<group>";
		};
		CF2B279D17F685CE00425DE2 /* NSString+HBAdditions */ = {
			isa = PBXGroup;
			children = (
				CF2B279A17F685CA00425DE2 /* NSString+HBAdditions.h */,
				CF2B279B17F685CA00425DE2 /* NSString+HBAdditions.m */,
			);
			name = "NSString+HBAdditions";
			sourceTree = "<group>";
		};
		CF4244CF17EDB6D6000FD08A /* HBAPTwitterAPISessionManager */ = {
			isa = PBXGroup;
			children = (
				CF4244CC17EDB6D3000FD08A /* HBAPTwitterAPISessionManager.h */,
				CF4244CD17EDB6D3000FD08A /* HBAPTwitterAPISessionManager.m */,
				CF5666C6183CC6CB00E5DA72 /* HBAPTwitterOAuthSessionManager */,
			);
			name = HBAPTwitterAPISessionManager;
			sourceTree = "<group>";
		};
		CF49206F17F75D3C00FE0C2E /* NSAttributedString */ = {
			isa = PBXGroup;
			children = (
				CF49207017F75D5B00FE0C2E /* HBAPTweetAttributedStringFactory */,
			);
			name = NSAttributedString;
			sourceTree = "<group>";
		};
		CF49207017F75D5B00FE0C2E /* HBAPTweetAttributedStringFactory */ = {
			isa = PBXGroup;
			children = (
				CF49206C17F75D3900FE0C2E /* HBAPTweetAttributedStringFactory.h */,
				CF49206D17F75D3900FE0C2E /* HBAPTweetAttributedStringFactory.m */,
			);
			name = HBAPTweetAttributedStringFactory;
			sourceTree = "<group>";
		};
		CF5283C4180EC86B00F3162C /* HBAPTweetComposeTableViewCell */ = {
			isa = PBXGroup;
			children = (
				CF5283C1180EC86800F3162C /* HBAPTweetComposeTableViewCell.h */,
				CF5283C2180EC86800F3162C /* HBAPTweetComposeTableViewCell.m */,
			);
			name = HBAPTweetComposeTableViewCell;
			sourceTree = "<group>";
		};
		CF5283C81811512D00F3162C /* HBAPPreferencesViewController */ = {
			isa = PBXGroup;
			children = (
				CF5283C51811512200F3162C /* HBAPPreferencesViewController.h */,
				CF5283C61811512200F3162C /* HBAPPreferencesViewController.m */,
				CF1A4B61183637FE00F549B0 /* HBAPAboutViewController */,
			);
			name = HBAPPreferencesViewController;
			sourceTree = "<group>";
		};
		CF5283CC181154BD00F3162C /* HBAPAvatarSwitchButton */ = {
			isa = PBXGroup;
			children = (
				CF5283C9181154BB00F3162C /* HBAPAvatarSwitchButton.h */,
				CF5283CA181154BB00F3162C /* HBAPAvatarSwitchButton.m */,
			);
			name = HBAPAvatarSwitchButton;
			sourceTree = "<group>";
		};
		CF5283D0181156AC00F3162C /* HBAPUserListViewController */ = {
			isa = PBXGroup;
			children = (
				CF5283CD181156A800F3162C /* HBAPUserListViewController.h */,
				CF5283CE181156A800F3162C /* HBAPUserListViewController.m */,
				CF5283DC18116ACE00F3162C /* HBAPAccountSwitchViewController */,
			);
			name = HBAPUserListViewController;
			sourceTree = "<group>";
		};
		CF5283D41811583D00F3162C /* HBAPUserTableViewCell */ = {
			isa = PBXGroup;
			children = (
				CF5283D11811583B00F3162C /* HBAPUserTableViewCell.h */,
				CF5283D21811583B00F3162C /* HBAPUserTableViewCell.m */,
				CF1A4B591836350800F549B0 /* HBAPAboutUserTableViewCell */,
			);
			name = HBAPUserTableViewCell;
			sourceTree = "<group>";
		};
		CF5283D818115B7400F3162C /* HBAPAvatarView */ = {
			isa = PBXGroup;
			children = (
				CF5283D518115B7100F3162C /* HBAPAvatarView.h */,
				CF5283D618115B7100F3162C /* HBAPAvatarView.m */,
			);
			name = HBAPAvatarView;
			sourceTree = "<group>";
		};
		CF5283DC18116ACE00F3162C /* HBAPAccountSwitchViewController */ = {
			isa = PBXGroup;
			children = (
				CF5283D918116ACC00F3162C /* HBAPAccountSwitchViewController.h */,
				CF5283DA18116ACC00F3162C /* HBAPAccountSwitchViewController.m */,
			);
			name = HBAPAccountSwitchViewController;
			sourceTree = "<group>";
		};
		CF5666C6183CC6CB00E5DA72 /* HBAPTwitterOAuthSessionManager */ = {
			isa = PBXGroup;
			children = (
				CF5666C3183CC69600E5DA72 /* HBAPTwitterOAuthSessionManager.h */,
				CF5666C4183CC69600E5DA72 /* HBAPTwitterOAuthSessionManager.m */,
			);
			name = HBAPTwitterOAuthSessionManager;
			sourceTree = "<group>";
		};
		CF5666CC1841845C00E5DA72 /* HBAPImageSessionManager */ = {
			isa = PBXGroup;
			children = (
				CF5666C91841845A00E5DA72 /* HBAPImageSessionManager.h */,
				CF5666CA1841845A00E5DA72 /* HBAPImageSessionManager.m */,
			);
			name = HBAPImageSessionManager;
			sourceTree = "<group>";
		};
		CF5666D01841C0F600E5DA72 /* HBAPTableViewCell */ = {
			isa = PBXGroup;
			children = (
				CF5666CD1841C0F400E5DA72 /* HBAPTableViewCell.h */,
				CF5666CE1841C0F400E5DA72 /* HBAPTableViewCell.m */,
				CF5283D41811583D00F3162C /* HBAPUserTableViewCell */,
				CF1A4B511836329600F549B0 /* HBAPPreferencesTableViewCell */,
				CF17498E182EAEFD002D3506 /* HBAPProfileBioTableViewCell */,
				CF174986182E4050002D3506 /* HBAPProfileHeaderTableViewCell */,
				CF6D11DA18334EDA0099988E /* HBAPProfileTimelineTableViewCell */,
				CF5666D41841FD5F00E5DA72 /* HBAPThemeTableViewCell */,
				CFCEBF1F17D892FC00BDCEDA /* HBAPTweetTableViewCell */,
			);
			name = HBAPTableViewCell;
			sourceTree = "<group>";
		};
		CF5666D41841FD5F00E5DA72 /* HBAPThemeTableViewCell */ = {
			isa = PBXGroup;
			children = (
				CF5666D11841FD5D00E5DA72 /* HBAPThemeTableViewCell.h */,
				CF5666D21841FD5D00E5DA72 /* HBAPThemeTableViewCell.m */,
			);
			name = HBAPThemeTableViewCell;
			sourceTree = "<group>";
		};
		CF5666D81842153A00E5DA72 /* HBAPCacheManager */ = {
			isa = PBXGroup;
			children = (
				CF5666D51842153600E5DA72 /* HBAPCacheManager.h */,
				CF5666D61842153600E5DA72 /* HBAPCacheManager.m */,
			);
			name = HBAPCacheManager;
			sourceTree = "<group>";
		};
		CF5666D91842154000E5DA72 /* Cache */ = {
			isa = PBXGroup;
			children = (
				CF5666D81842153A00E5DA72 /* HBAPCacheManager */,
			);
			name = Cache;
			sourceTree = "<group>";
		};
		CF58C2C3183757ED006BEF99 /* Plists */ = {
			isa = PBXGroup;
			children = (
				CF5A9A12181FDEE3005AF563 /* configuration.plist */,
				CF8D176618257F4D00F50CE1 /* themes.plist */,
				CF58C2C1183757EA006BEF99 /* fonts.plist */,
			);
			name = Plists;
			sourceTree = "<group>";
		};
		CF5A9A11181FD8A8005AF563 /* HBAPTwitterConfiguration */ = {
			isa = PBXGroup;
			children = (
				CF5A9A0E181FD8A5005AF563 /* HBAPTwitterConfiguration.h */,
				CF5A9A0F181FD8A5005AF563 /* HBAPTwitterConfiguration.m */,
			);
			name = HBAPTwitterConfiguration;
			sourceTree = "<group>";
		};
		CF5A9A14182142E9005AF563 /* Preferences */ = {
			isa = PBXGroup;
			children = (
				CF1A4B6218363F8500F549B0 /* PrefsAbout.plist */,
				CF5A9A15182142F4005AF563 /* PrefsRoot.plist */,
			);
			name = Preferences;
			sourceTree = "<group>";
		};
		CF5D6FA717B115EC0086D5BA /* Twitter */ = {
			isa = PBXGroup;
			children = (
				CF5F423917B12E910012B51E /* HBAPAccountController */,
				CFCEBF2317D8931B00BDCEDA /* HBAPAccount */,
				CF86FCA117A027A400AFC007 /* HBAPImportAccountController */,
				CF8E0C7117A2FBE800AF80B5 /* HBAPTweet */,
				CF91CFA117F469800091D86D /* HBAPTweetEntity */,
				CFC09E3E182CBE8E0066511C /* HBAPTweetSendingController */,
				CF5A9A11181FD8A8005AF563 /* HBAPTwitterConfiguration */,
				CF8E0C7517A2FD5400AF80B5 /* HBAPUser */,
			);
			name = Twitter;
			sourceTree = "<group>";
		};
		CF5F423917B12E910012B51E /* HBAPAccountController */ = {
			isa = PBXGroup;
			children = (
				CFCEBF1C17D891BB00BDCEDA /* HBAPAccountController.h */,
				CFCEBF1D17D891BB00BDCEDA /* HBAPAccountController.m */,
			);
			name = HBAPAccountController;
			sourceTree = "<group>";
		};
		CF6D11DA18334EDA0099988E /* HBAPProfileTimelineTableViewCell */ = {
			isa = PBXGroup;
			children = (
				CF6D11D718334E460099988E /* HBAPProfileDataTableViewCell.h */,
				CF6D11D818334E460099988E /* HBAPProfileDataTableViewCell.m */,
			);
			name = HBAPProfileTimelineTableViewCell;
			sourceTree = "<group>";
		};
		CF6D11DE183378690099988E /* HBAPImageCache */ = {
			isa = PBXGroup;
			children = (
				CF6D11DB183378670099988E /* HBAPImageCache.h */,
				CF6D11DC183378670099988E /* HBAPImageCache.m */,
			);
			name = HBAPImageCache;
			path = Aphelion;
			sourceTree = "<group>";
		};
		CF6D11DF18339AFD0099988E /* HBAPThemeManager */ = {
			isa = PBXGroup;
			children = (
				CF8D17621825760200F50CE1 /* HBAPThemeManager.h */,
				CF8D17631825760200F50CE1 /* HBAPThemeManager.m */,
			);
			name = HBAPThemeManager;
			sourceTree = "<group>";
		};
		CF6D11E018339B0A0099988E /* Images */ = {
			isa = PBXGroup;
			children = (
				CF6D11DE183378690099988E /* HBAPImageCache */,
			);
			name = Images;
			sourceTree = "<group>";
		};
		CF6D11E418339B260099988E /* HBAPDominantColor */ = {
			isa = PBXGroup;
			children = (
				CF6D11E118339B220099988E /* HBAPDominantColor.h */,
				CF6D11E218339B220099988E /* HBAPDominantColor.m */,
			);
			name = HBAPDominantColor;
			sourceTree = "<group>";
		};
		CF86FC6B179D689200AFC007 /* HBAPHomeTimelineViewController */ = {
			isa = PBXGroup;
			children = (
				CF86FC69179D688F00AFC007 /* HBAPHomeTimelineViewController.h */,
				CF86FC6A179D688F00AFC007 /* HBAPHomeTimelineViewController.m */,
			);
			name = HBAPHomeTimelineViewController;
			sourceTree = "<group>";
		};
		CF86FC9D179ED22700AFC007 /* HBAPWelcomeViewController */ = {
			isa = PBXGroup;
			children = (
				CF86FC9B179ED22500AFC007 /* HBAPWelcomeViewController.h */,
				CF86FC9C179ED22500AFC007 /* HBAPWelcomeViewController.m */,
			);
			name = HBAPWelcomeViewController;
			sourceTree = "<group>";
		};
		CF86FCA117A027A400AFC007 /* HBAPImportAccountController */ = {
			isa = PBXGroup;
			children = (
				CF86FC9F17A027A200AFC007 /* HBAPImportAccountController.h */,
				CF86FCA017A027A200AFC007 /* HBAPImportAccountController.m */,
			);
			name = HBAPImportAccountController;
			path = Aphelion;
			sourceTree = "<group>";
		};
		CF86FCAC17A14A4600AFC007 /* AFNetworking */ = {
			isa = PBXGroup;
			children = (
				CFC09E42182CFA7D0066511C /* HBAPOAuth1RequestSerializer */,
				CFE8822D181C4506002CEDAD /* HBAPOAuth1SessionManager */,
				CF5666CC1841845C00E5DA72 /* HBAPImageSessionManager */,
			);
			name = AFNetworking;
			path = Aphelion;
			sourceTree = "<group>";
		};
		CF8D175C182561EA00F50CE1 /* Twitter */ = {
			isa = PBXGroup;
			children = (
				CF5283D0181156AC00F3162C /* HBAPUserListViewController */,
				CFB25BF817FAA884006E95A2 /* HBAPMessagesViewController */,
				CFB25C0017FAAAE1006E95A2 /* HBAPProfileViewController */,
				CF0A35FB179D0148000399C4 /* HBAPTimelineViewController */,
				CFCEBF2017D8930300BDCEDA /* HBAPTweetDetailViewController */,
			);
			name = Twitter;
			sourceTree = "<group>";
		};
		CF8D175D182561F200F50CE1 /* Preferences */ = {
			isa = PBXGroup;
			children = (
				CF1A4B6718366D1B00F549B0 /* HBAPFontViewController */,
				CFCEBF2117D8930A00BDCEDA /* HBAPTutorialViewController */,
				CF5283C81811512D00F3162C /* HBAPPreferencesViewController */,
				CF8D1761182562F000F50CE1 /* HBAPThemeViewController */,
				CF86FC9D179ED22700AFC007 /* HBAPWelcomeViewController */,
			);
			name = Preferences;
			sourceTree = "<group>";
		};
		CF8D1761182562F000F50CE1 /* HBAPThemeViewController */ = {
			isa = PBXGroup;
			children = (
				CF8D175E182562EC00F50CE1 /* HBAPThemeViewController.h */,
				CF8D175F182562EC00F50CE1 /* HBAPThemeViewController.m */,
			);
			name = HBAPThemeViewController;
			sourceTree = "<group>";
		};
		CF8D17651825760500F50CE1 /* Themes */ = {
			isa = PBXGroup;
			children = (
				CF6D11E418339B260099988E /* HBAPDominantColor */,
				CF1A4B6B18366D6A00F549B0 /* HBAPFontManager */,
				CF6D11DF18339AFD0099988E /* HBAPThemeManager */,
			);
			name = Themes;
			sourceTree = "<group>";
		};
		CF8D176B1826215E00F50CE1 /* HBAPTableViewController */ = {
			isa = PBXGroup;
			children = (
				CF8D17681826214600F50CE1 /* HBAPTableViewController.h */,
				CF8D17691826214600F50CE1 /* HBAPTableViewController.m */,
			);
			name = HBAPTableViewController;
			sourceTree = "<group>";
		};
		CF8D176C1826216400F50CE1 /* UITableViewController */ = {
			isa = PBXGroup;
			children = (
				CF8D176B1826215E00F50CE1 /* HBAPTableViewController */,
			);
			name = UITableViewController;
			path = ..;
			sourceTree = "<group>";
		};
		CF8D176D1826217000F50CE1 /* UIViewController */ = {
			isa = PBXGroup;
			children = (
				CF91CFAB17F59A5D0091D86D /* UINavigationController */,
				CFEC2B7E18018B3200A88B3C /* UITabBarController */,
				CF8D176C1826216400F50CE1 /* UITableViewController */,
				CF8D17711826219000F50CE1 /* HBAPViewController */,
			);
			name = UIViewController;
			sourceTree = "<group>";
		};
		CF8D17711826219000F50CE1 /* HBAPViewController */ = {
			isa = PBXGroup;
			children = (
				CF8D176E1826218400F50CE1 /* HBAPViewController.h */,
				CF8D176F1826218400F50CE1 /* HBAPViewController.m */,
			);
			name = HBAPViewController;
			sourceTree = "<group>";
		};
		CF8E0C7117A2FBE800AF80B5 /* HBAPTweet */ = {
			isa = PBXGroup;
			children = (
				CF8E0C6F17A2FBE500AF80B5 /* HBAPTweet.h */,
				CF8E0C7017A2FBE500AF80B5 /* HBAPTweet.m */,
			);
			name = HBAPTweet;
			sourceTree = "<group>";
		};
		CF8E0C7217A2FBEF00AF80B5 /* Model */ = {
			isa = PBXGroup;
			children = (
				CFF0DC78181A7DBF003433D8 /* UIApplication */,
				CF86FCAC17A14A4600AFC007 /* AFNetworking */,
				CF5666D91842154000E5DA72 /* Cache */,
				CF6D11E018339B0A0099988E /* Images */,
				CF8D17651825760500F50CE1 /* Themes */,
				CF5D6FA717B115EC0086D5BA /* Twitter */,
			);
			name = Model;
			path = ..;
			sourceTree = "<group>";
		};
		CF8E0C7517A2FD5400AF80B5 /* HBAPUser */ = {
			isa = PBXGroup;
			children = (
				CF8E0C7317A2FD5200AF80B5 /* HBAPUser.h */,
				CF8E0C7417A2FD5200AF80B5 /* HBAPUser.m */,
			);
			name = HBAPUser;
			sourceTree = "<group>";
		};
		CF91CFA117F469800091D86D /* HBAPTweetEntity */ = {
			isa = PBXGroup;
			children = (
				CF91CFA217F472BD0091D86D /* HBAPTweetEntity.h */,
				CF91CFA317F472BD0091D86D /* HBAPTweetEntity.m */,
			);
			name = HBAPTweetEntity;
			sourceTree = "<group>";
		};
		CF91CFA817F593CF0091D86D /* HBAPTweetTextStorage */ = {
			isa = PBXGroup;
			children = (
				CF91CFA517F593CB0091D86D /* HBAPTweetTextStorage.h */,
				CF91CFA617F593CB0091D86D /* HBAPTweetTextStorage.m */,
			);
			name = HBAPTweetTextStorage;
			sourceTree = "<group>";
		};
		CF91CFA917F59A4C0091D86D /* UIView */ = {
			isa = PBXGroup;
			children = (
				CF5283D818115B7400F3162C /* HBAPAvatarView */,
				CFB25BEC17FA9F3D006E95A2 /* HBAPBackgroundView */,
			);
			name = UIView;
			sourceTree = "<group>";
		};
		CF91CFAA17F59A520091D86D /* UIButton */ = {
			isa = PBXGroup;
			children = (
				CFCEBF2217D8931400BDCEDA /* HBAPAvatarButton */,
				CFDAD49917EF19800083F730 /* HBAPSidebarButton */,
			);
			name = UIButton;
			sourceTree = "<group>";
		};
		CF91CFAB17F59A5D0091D86D /* UINavigationController */ = {
			isa = PBXGroup;
			children = (
				CFCEBF2817D9C13E00BDCEDA /* HBAPNavigationController */,
			);
			name = UINavigationController;
			sourceTree = "<group>";
		};
		CF91CFAC17F59A630091D86D /* UITableViewCell */ = {
			isa = PBXGroup;
			children = (
				CF5666D01841C0F600E5DA72 /* HBAPTableViewCell */,
			);
			name = UITableViewCell;
			sourceTree = "<group>";
		};
		CF91CFAD17F59A6B0091D86D /* NSTextStorage */ = {
			isa = PBXGroup;
			children = (
				CF91CFA817F593CF0091D86D /* HBAPTweetTextStorage */,
			);
			name = NSTextStorage;
			sourceTree = "<group>";
		};
		CF98143817F5B9B100FB2171 /* Categories */ = {
			isa = PBXGroup;
			children = (
				CF2B279D17F685CE00425DE2 /* NSString+HBAdditions */,
				CF17498A182E6809002D3506 /* UIColor+HBAdditions */,
			);
			name = Categories;
			sourceTree = "<group>";
		};
		CF98143917F5B9BA00FB2171 /* Other Stuff */ = {
			isa = PBXGroup;
			children = (
				CFEC2B8618019B8100A88B3C /* HBAPDebug */,
				CF98143817F5B9B100FB2171 /* Categories */,
				CF0A35CA179CFB57000399C4 /* Supporting Files */,
			);
			name = "Other Stuff";
			sourceTree = "<group>";
		};
		CFB25BEC17FA9F3D006E95A2 /* HBAPBackgroundView */ = {
			isa = PBXGroup;
			children = (
				CFB25BE917FA9F3B006E95A2 /* HBAPBackgroundView.h */,
				CFB25BEA17FA9F3B006E95A2 /* HBAPBackgroundView.m */,
			);
			name = HBAPBackgroundView;
			sourceTree = "<group>";
		};
		CFB25BF417FAA858006E95A2 /* HBAPMentionsTimelineViewController */ = {
			isa = PBXGroup;
			children = (
				CFB25BF117FAA855006E95A2 /* HBAPMentionsTimelineViewController.h */,
				CFB25BF217FAA855006E95A2 /* HBAPMentionsTimelineViewController.m */,
			);
			name = HBAPMentionsTimelineViewController;
			sourceTree = "<group>";
		};
		CFB25BF817FAA884006E95A2 /* HBAPMessagesViewController */ = {
			isa = PBXGroup;
			children = (
				CFB25BF517FAA881006E95A2 /* HBAPMessagesViewController.h */,
				CFB25BF617FAA881006E95A2 /* HBAPMessagesViewController.m */,
			);
			name = HBAPMessagesViewController;
			sourceTree = "<group>";
		};
		CFB25BFC17FAA89B006E95A2 /* HBAPSearchTimelineViewController */ = {
			isa = PBXGroup;
			children = (
				CFB25BF917FAA899006E95A2 /* HBAPSearchTimelineViewController.h */,
				CFB25BFA17FAA899006E95A2 /* HBAPSearchTimelineViewController.m */,
			);
			name = HBAPSearchTimelineViewController;
			sourceTree = "<group>";
		};
		CFB25C0017FAAAE1006E95A2 /* HBAPProfileViewController */ = {
			isa = PBXGroup;
			children = (
				CFB25BFD17FAAADF006E95A2 /* HBAPProfileViewController.h */,
				CFB25BFE17FAAADF006E95A2 /* HBAPProfileViewController.m */,
			);
			name = HBAPProfileViewController;
			sourceTree = "<group>";
		};
		CFC09E3E182CBE8E0066511C /* HBAPTweetSendingController */ = {
			isa = PBXGroup;
			children = (
				CFC09E3B182CBE840066511C /* HBAPTweetSendingController.h */,
				CFC09E3C182CBE840066511C /* HBAPTweetSendingController.m */,
			);
			name = HBAPTweetSendingController;
			sourceTree = "<group>";
		};
		CFC09E42182CFA7D0066511C /* HBAPOAuth1RequestSerializer */ = {
			isa = PBXGroup;
			children = (
				CFC09E3F182CFA790066511C /* HBAPOAuth1RequestSerializer.h */,
				CFC09E40182CFA790066511C /* HBAPOAuth1RequestSerializer.m */,
			);
			name = HBAPOAuth1RequestSerializer;
			sourceTree = "<group>";
		};
		CFCEBF1F17D892FC00BDCEDA /* HBAPTweetTableViewCell */ = {
			isa = PBXGroup;
			children = (
				CFBB1D1017D4A8ED0069A8D5 /* HBAPTweetTableViewCell.h */,
				CFBB1D1117D4A8ED0069A8D5 /* HBAPTweetTableViewCell.m */,
				CF5283C4180EC86B00F3162C /* HBAPTweetComposeTableViewCell */,
			);
			name = HBAPTweetTableViewCell;
			sourceTree = "<group>";
		};
		CFCEBF2017D8930300BDCEDA /* HBAPTweetDetailViewController */ = {
			isa = PBXGroup;
			children = (
				CFBB1D0E17D4A8ED0069A8D5 /* HBAPTweetDetailViewController.h */,
				CFBB1D0F17D4A8ED0069A8D5 /* HBAPTweetDetailViewController.m */,
			);
			name = HBAPTweetDetailViewController;
			sourceTree = "<group>";
		};
		CFCEBF2117D8930A00BDCEDA /* HBAPTutorialViewController */ = {
			isa = PBXGroup;
			children = (
				CFBB1D0A17D4A8ED0069A8D5 /* HBAPTutorialViewController.h */,
				CFBB1D0B17D4A8ED0069A8D5 /* HBAPTutorialViewController.m */,
			);
			name = HBAPTutorialViewController;
			sourceTree = "<group>";
		};
		CFCEBF2217D8931400BDCEDA /* HBAPAvatarButton */ = {
			isa = PBXGroup;
			children = (
				CFBB1D0017D4A8ED0069A8D5 /* HBAPAvatarButton.h */,
				CFBB1D0117D4A8ED0069A8D5 /* HBAPAvatarButton.m */,
				CF5283CC181154BD00F3162C /* HBAPAvatarSwitchButton */,
			);
			name = HBAPAvatarButton;
			sourceTree = "<group>";
		};
		CFCEBF2317D8931B00BDCEDA /* HBAPAccount */ = {
			isa = PBXGroup;
			children = (
				CFBB1CFA17D4A8ED0069A8D5 /* HBAPAccount.h */,
				CFBB1CFB17D4A8ED0069A8D5 /* HBAPAccount.m */,
			);
			name = HBAPAccount;
			path = Aphelion;
			sourceTree = "<group>";
		};
		CFCEBF2417D8934300BDCEDA /* Interface Subclasses */ = {
			isa = PBXGroup;
			children = (
				CF49206F17F75D3C00FE0C2E /* NSAttributedString */,
				CF91CFAD17F59A6B0091D86D /* NSTextStorage */,
				CF91CFAA17F59A520091D86D /* UIButton */,
				CF8D176D1826217000F50CE1 /* UIViewController */,
				CF91CFAC17F59A630091D86D /* UITableViewCell */,
				CF91CFA917F59A4C0091D86D /* UIView */,
			);
			name = "Interface Subclasses";
			sourceTree = "<group>";
		};
		CFCEBF2817D9C13E00BDCEDA /* HBAPNavigationController */ = {
			isa = PBXGroup;
			children = (
				CFCEBF2517D9C13A00BDCEDA /* HBAPNavigationController.h */,
				CFCEBF2617D9C13A00BDCEDA /* HBAPNavigationController.m */,
			);
			name = HBAPNavigationController;
			sourceTree = "<group>";
		};
		CFDAD49917EF19800083F730 /* HBAPSidebarButton */ = {
			isa = PBXGroup;
			children = (
				CFDAD49617EF197E0083F730 /* HBAPSidebarButton.h */,
				CFDAD49717EF197E0083F730 /* HBAPSidebarButton.m */,
			);
			name = HBAPSidebarButton;
			sourceTree = "<group>";
		};
		CFE8822D181C4506002CEDAD /* HBAPOAuth1SessionManager */ = {
			isa = PBXGroup;
			children = (
				CFE8822A181C4367002CEDAD /* HBAPOAuth1SessionManager.h */,
				CFE8822B181C4367002CEDAD /* HBAPOAuth1SessionManager.m */,
				CF4244CF17EDB6D6000FD08A /* HBAPTwitterAPISessionManager */,
			);
			name = HBAPOAuth1SessionManager;
			sourceTree = "<group>";
		};
		CFEC2B7E18018B3200A88B3C /* UITabBarController */ = {
			isa = PBXGroup;
			children = (
				CFEC2B8218018B8100A88B3C /* HBAPHomeTabBarController */,
			);
			name = UITabBarController;
			sourceTree = "<group>";
		};
		CFEC2B8218018B8100A88B3C /* HBAPHomeTabBarController */ = {
			isa = PBXGroup;
			children = (
				CFEC2B7F18018B7E00A88B3C /* HBAPHomeTabBarController.h */,
				CFEC2B8018018B7E00A88B3C /* HBAPHomeTabBarController.m */,
			);
			name = HBAPHomeTabBarController;
			sourceTree = "<group>";
		};
		CFEC2B8618019B8100A88B3C /* HBAPDebug */ = {
			isa = PBXGroup;
			children = (
				CFEC2B8318019B1700A88B3C /* HBAPDebug.h */,
				CFEC2B8418019B3300A88B3C /* HBAPDebug.m */,
			);
			name = HBAPDebug;
			sourceTree = "<group>";
		};
		CFEC2B8E1802AB6300A88B3C /* HBAPTimelineComposeViewController */ = {
			isa = PBXGroup;
			children = (
				CFEC2B8B1802AB6000A88B3C /* HBAPTimelineComposeViewController.h */,
				CFEC2B8C1802AB6000A88B3C /* HBAPTimelineComposeViewController.m */,
				CF86FC6B179D689200AFC007 /* HBAPHomeTimelineViewController */,
				CFB25BF417FAA858006E95A2 /* HBAPMentionsTimelineViewController */,
			);
			name = HBAPTimelineComposeViewController;
			sourceTree = "<group>";
		};
		CFF0DC78181A7DBF003433D8 /* UIApplication */ = {
			isa = PBXGroup;
			children = (
				CF0A35F2179CFE9D000399C4 /* HBAPAppDelegate */,
			);
			name = UIApplication;
			sourceTree = "<group>";
		};
/* End PBXGroup section */

/* Begin PBXNativeTarget section */
		CF0A35BF179CFB57000399C4 /* Aphelion */ = {
			isa = PBXNativeTarget;
			buildConfigurationList = CF0A35EC179CFB58000399C4 /* Build configuration list for PBXNativeTarget "Aphelion" */;
			buildPhases = (
				3ECF425DB83645C789FA5F0D /* Check Pods Manifest.lock */,
				CFC09E3A182A4D230066511C /* Update build number */,
				CF0A35BC179CFB57000399C4 /* Sources */,
				CF0A35BD179CFB57000399C4 /* Frameworks */,
				CF0A35BE179CFB57000399C4 /* Resources */,
				7DFDBF94FDDB4D26B464F275 /* Copy Pods Resources */,
			);
			buildRules = (
			);
			dependencies = (
			);
			name = Aphelion;
			productName = Aphelion;
			productReference = CF0A35C0179CFB57000399C4 /* Aphelion.app */;
			productType = "com.apple.product-type.application";
		};
		CF0A35DA179CFB58000399C4 /* AphelionTests */ = {
			isa = PBXNativeTarget;
			buildConfigurationList = CF0A35EF179CFB58000399C4 /* Build configuration list for PBXNativeTarget "AphelionTests" */;
			buildPhases = (
				CF0A35D7179CFB58000399C4 /* Sources */,
				CF0A35D8179CFB58000399C4 /* Frameworks */,
				CF0A35D9179CFB58000399C4 /* Resources */,
			);
			buildRules = (
			);
			dependencies = (
				CF0A35E1179CFB58000399C4 /* PBXTargetDependency */,
			);
			name = AphelionTests;
			productName = AphelionTests;
			productReference = CF0A35DB179CFB58000399C4 /* AphelionTests.xctest */;
			productType = "com.apple.product-type.bundle.unit-test";
		};
/* End PBXNativeTarget section */

/* Begin PBXProject section */
		CF0A35B8179CFB57000399C4 /* Project object */ = {
			isa = PBXProject;
			attributes = {
				CLASSPREFIX = HBAP;
				LastUpgradeCheck = 0500;
				ORGANIZATIONNAME = "HASHBANG Productions";
				TargetAttributes = {
					CF0A35BF179CFB57000399C4 = {
						DevelopmentTeam = N2LN9ZT493;
						SystemCapabilities = {
							com.apple.BackgroundModes = {
								enabled = 1;
							};
							com.apple.iCloud = {
								enabled = 0;
							};
						};
					};
					CF0A35DA179CFB58000399C4 = {
						TestTargetID = CF0A35BF179CFB57000399C4;
					};
				};
			};
			buildConfigurationList = CF0A35BB179CFB57000399C4 /* Build configuration list for PBXProject "Aphelion" */;
			compatibilityVersion = "Xcode 3.2";
			developmentRegion = English;
			hasScannedForEncodings = 0;
			knownRegions = (
				en,
			);
			mainGroup = CF0A35B7179CFB57000399C4;
			productRefGroup = CF0A35C1179CFB57000399C4 /* Products */;
			projectDirPath = "";
			projectRoot = "";
			targets = (
				CF0A35BF179CFB57000399C4 /* Aphelion */,
				CF0A35DA179CFB58000399C4 /* AphelionTests */,
			);
		};
/* End PBXProject section */

/* Begin PBXResourcesBuildPhase section */
		CF0A35BE179CFB57000399C4 /* Resources */ = {
			isa = PBXResourcesBuildPhase;
			buildActionMask = 2147483647;
			files = (
				CF1A4B6318363F8500F549B0 /* PrefsAbout.plist in Resources */,
				CF8D176718257F4D00F50CE1 /* themes.plist in Resources */,
				CF0A35CE179CFB57000399C4 /* InfoPlist.strings in Resources */,
				CF5A9A16182142F4005AF563 /* PrefsRoot.plist in Resources */,
				CF5A9A13181FDEE3005AF563 /* configuration.plist in Resources */,
				CF174982182DEC32002D3506 /* api.twitter.com.cer in Resources */,
				CF0A35D6179CFB58000399C4 /* Images.xcassets in Resources */,
				CF58C2C2183757EA006BEF99 /* fonts.plist in Resources */,
			);
			runOnlyForDeploymentPostprocessing = 0;
		};
		CF0A35D9179CFB58000399C4 /* Resources */ = {
			isa = PBXResourcesBuildPhase;
			buildActionMask = 2147483647;
			files = (
				CF0A35E7179CFB58000399C4 /* InfoPlist.strings in Resources */,
			);
			runOnlyForDeploymentPostprocessing = 0;
		};
/* End PBXResourcesBuildPhase section */

/* Begin PBXShellScriptBuildPhase section */
		3ECF425DB83645C789FA5F0D /* Check Pods Manifest.lock */ = {
			isa = PBXShellScriptBuildPhase;
			buildActionMask = 2147483647;
			files = (
			);
			inputPaths = (
			);
			name = "Check Pods Manifest.lock";
			outputPaths = (
			);
			runOnlyForDeploymentPostprocessing = 0;
			shellPath = /bin/sh;
			shellScript = "diff \"${PODS_ROOT}/../Podfile.lock\" \"${PODS_ROOT}/Manifest.lock\" > /dev/null\nif [[ $? != 0 ]] ; then\n    cat << EOM\nerror: The sandbox is not in sync with the Podfile.lock. Run 'pod install' or update your CocoaPods installation.\nEOM\n    exit 1\nfi\n";
			showEnvVarsInLog = 0;
		};
		7DFDBF94FDDB4D26B464F275 /* Copy Pods Resources */ = {
			isa = PBXShellScriptBuildPhase;
			buildActionMask = 2147483647;
			files = (
			);
			inputPaths = (
			);
			name = "Copy Pods Resources";
			outputPaths = (
			);
			runOnlyForDeploymentPostprocessing = 0;
			shellPath = /bin/sh;
			shellScript = "\"${SRCROOT}/Pods/Pods-resources.sh\"\n";
			showEnvVarsInLog = 0;
		};
		CFC09E3A182A4D230066511C /* Update build number */ = {
			isa = PBXShellScriptBuildPhase;
			buildActionMask = 2147483647;
			files = (
			);
			inputPaths = (
			);
			name = "Update build number";
			outputPaths = (
			);
			runOnlyForDeploymentPostprocessing = 0;
			shellPath = /bin/bash;
			shellScript = "/usr/libexec/PlistBuddy -c 'Set :CFBundleVersion '\"$(git --git-dir=\"$SOURCE_ROOT/.git\" rev-list HEAD --count)\" \"$SOURCE_ROOT/$INFOPLIST_FILE\"";
		};
/* End PBXShellScriptBuildPhase section */

/* Begin PBXSourcesBuildPhase section */
		CF0A35BC179CFB57000399C4 /* Sources */ = {
			isa = PBXSourcesBuildPhase;
			buildActionMask = 2147483647;
			files = (
				CFEC2B8518019B3300A88B3C /* HBAPDebug.m in Sources */,
				CF8D17641825760200F50CE1 /* HBAPThemeManager.m in Sources */,
				CFB25C0117FB2B49006E95A2 /* HBAPAvatarButton.m in Sources */,
				CF5666D31841FD5D00E5DA72 /* HBAPThemeTableViewCell.m in Sources */,
				CFB25BFB17FAA899006E95A2 /* HBAPSearchTimelineViewController.m in Sources */,
				CF8E0C7617A302BD00AF80B5 /* HBAPTweet.m in Sources */,
				CFEC2B8118018B7E00A88B3C /* HBAPHomeTabBarController.m in Sources */,
				CF5283CF181156A800F3162C /* HBAPUserListViewController.m in Sources */,
				CFBB1D2017D4A8ED0069A8D5 /* HBAPTutorialViewController.m in Sources */,
				CF1A4B4C1836325A00F549B0 /* HBAPPreferencesTableViewCell.m in Sources */,
				CFB25BF317FAA855006E95A2 /* HBAPMentionsTimelineViewController.m in Sources */,
				CF1A4B4F1836327A00F549B0 /* HBAPAboutTitleTableViewCell.m in Sources */,
				CF6D11E318339B220099988E /* HBAPDominantColor.m in Sources */,
				CF5283CB181154BB00F3162C /* HBAPAvatarSwitchButton.m in Sources */,
				CF8E0C7717A302BD00AF80B5 /* HBAPUser.m in Sources */,
				CF5283C71811512200F3162C /* HBAPPreferencesViewController.m in Sources */,
				CF5A9A10181FD8A5005AF563 /* HBAPTwitterConfiguration.m in Sources */,
				CF1A4B54183632D900F549B0 /* HBAPAboutIconTableViewCell.m in Sources */,
				CF5283DB18116ACC00F3162C /* HBAPAccountSwitchViewController.m in Sources */,
				CF91CFA717F593CB0091D86D /* HBAPTweetTextStorage.m in Sources */,
				CFB25BF717FAA881006E95A2 /* HBAPMessagesViewController.m in Sources */,
				CFDAD49817EF197E0083F730 /* HBAPSidebarButton.m in Sources */,
				CF4244CE17EDB6D3000FD08A /* HBAPTwitterAPISessionManager.m in Sources */,
				CF6D11DD183378670099988E /* HBAPImageCache.m in Sources */,
				CFCEBF1E17D891BB00BDCEDA /* HBAPAccountController.m in Sources */,
				CFE8822C181C4367002CEDAD /* HBAPOAuth1SessionManager.m in Sources */,
				CFEC2B8D1802AB6000A88B3C /* HBAPTimelineComposeViewController.m in Sources */,
				CF0A35D0179CFB57000399C4 /* main.m in Sources */,
				CF8D176A1826214600F50CE1 /* HBAPTableViewController.m in Sources */,
				CF1A4B6A18366D6800F549B0 /* HBAPFontManager.m in Sources */,
				CFBB1D1817D4A8ED0069A8D5 /* HBAPAccount.m in Sources */,
				CF5666D71842153600E5DA72 /* HBAPCacheManager.m in Sources */,
				CF8D17701826218400F50CE1 /* HBAPViewController.m in Sources */,
				CF1A4B5C1836360000F549B0 /* HBAPAboutLicenseTableViewCell.m in Sources */,
				CF5283D31811583B00F3162C /* HBAPUserTableViewCell.m in Sources */,
				CF49206E17F75D3900FE0C2E /* HBAPTweetAttributedStringFactory.m in Sources */,
				CF174985182E404E002D3506 /* HBAPProfileHeaderTableViewCell.m in Sources */,
				CF5666C5183CC69600E5DA72 /* HBAPTwitterOAuthSessionManager.m in Sources */,
				CF5666CB1841845A00E5DA72 /* HBAPImageSessionManager.m in Sources */,
				CF1A4B60183637FC00F549B0 /* HBAPAboutViewController.m in Sources */,
				CFCEBF2717D9C13A00BDCEDA /* HBAPNavigationController.m in Sources */,
				CFBB1D2217D4A8ED0069A8D5 /* HBAPTweetDetailViewController.m in Sources */,
				CF6D11D918334E460099988E /* HBAPProfileDataTableViewCell.m in Sources */,
				CF5283C3180EC86800F3162C /* HBAPTweetComposeTableViewCell.m in Sources */,
				CFBB1D2317D4A8ED0069A8D5 /* HBAPTweetTableViewCell.m in Sources */,
				CF174989182E67F9002D3506 /* UIColor+HBAdditions.m in Sources */,
				CFC09E3D182CBE840066511C /* HBAPTweetSendingController.m in Sources */,
				CF1A4B6618366D1700F549B0 /* HBAPFontViewController.m in Sources */,
				CF2B279C17F685CA00425DE2 /* NSString+HBAdditions.m in Sources */,
				CF5666CF1841C0F400E5DA72 /* HBAPTableViewCell.m in Sources */,
				CF91CFA417F472BD0091D86D /* HBAPTweetEntity.m in Sources */,
				CFB25BFF17FAAADF006E95A2 /* HBAPProfileViewController.m in Sources */,
				CF17498D182EAEFA002D3506 /* HBAPProfileBioTableViewCell.m in Sources */,
				CF0A35D4179CFB57000399C4 /* HBAPAppDelegate.m in Sources */,
				CF5283D718115B7100F3162C /* HBAPAvatarView.m in Sources */,
				CF0A35F8179D005A000399C4 /* HBAPRootViewController.m in Sources */,
				CFC09E41182CFA790066511C /* HBAPOAuth1RequestSerializer.m in Sources */,
				CF86FC68179D628800AFC007 /* HBAPTimelineViewController.m in Sources */,
				CF86FC6D179D771D00AFC007 /* HBAPHomeTimelineViewController.m in Sources */,
				CF86FC9E179ED34600AFC007 /* HBAPWelcomeViewController.m in Sources */,
				CF86FCA217A0286F00AFC007 /* HBAPImportAccountController.m in Sources */,
				CFB25BEB17FA9F3B006E95A2 /* HBAPBackgroundView.m in Sources */,
				CF8D1760182562EC00F50CE1 /* HBAPThemeViewController.m in Sources */,
				CF1A4B581836350600F549B0 /* HBAPAboutUserTableViewCell.m in Sources */,
			);
			runOnlyForDeploymentPostprocessing = 0;
		};
		CF0A35D7179CFB58000399C4 /* Sources */ = {
			isa = PBXSourcesBuildPhase;
			buildActionMask = 2147483647;
			files = (
				CF0A35E9179CFB58000399C4 /* AphelionTests.m in Sources */,
			);
			runOnlyForDeploymentPostprocessing = 0;
		};
/* End PBXSourcesBuildPhase section */

/* Begin PBXTargetDependency section */
		CF0A35E1179CFB58000399C4 /* PBXTargetDependency */ = {
			isa = PBXTargetDependency;
			target = CF0A35BF179CFB57000399C4 /* Aphelion */;
			targetProxy = CF0A35E0179CFB58000399C4 /* PBXContainerItemProxy */;
		};
/* End PBXTargetDependency section */

/* Begin PBXVariantGroup section */
		CF0A35CC179CFB57000399C4 /* InfoPlist.strings */ = {
			isa = PBXVariantGroup;
			children = (
				CF0A35CD179CFB57000399C4 /* en */,
			);
			name = InfoPlist.strings;
			sourceTree = "<group>";
		};
		CF0A35E5179CFB58000399C4 /* InfoPlist.strings */ = {
			isa = PBXVariantGroup;
			children = (
				CF0A35E6179CFB58000399C4 /* en */,
			);
			name = InfoPlist.strings;
			sourceTree = "<group>";
		};
/* End PBXVariantGroup section */

/* Begin XCBuildConfiguration section */
		CF0A35EA179CFB58000399C4 /* Debug */ = {
			isa = XCBuildConfiguration;
			buildSettings = {
				ALWAYS_SEARCH_USER_PATHS = NO;
				CLANG_CXX_LANGUAGE_STANDARD = "gnu++0x";
				CLANG_CXX_LIBRARY = "libc++";
				CLANG_ENABLE_MODULES = YES;
				CLANG_ENABLE_OBJC_ARC = YES;
				CLANG_WARN_BOOL_CONVERSION = YES;
				CLANG_WARN_CONSTANT_CONVERSION = YES;
				CLANG_WARN_DIRECT_OBJC_ISA_USAGE = YES_ERROR;
				CLANG_WARN_EMPTY_BODY = YES;
				CLANG_WARN_ENUM_CONVERSION = YES;
				CLANG_WARN_INT_CONVERSION = YES;
				CLANG_WARN_OBJC_ROOT_CLASS = YES_ERROR;
				CLANG_WARN__DUPLICATE_METHOD_MATCH = YES;
				"CODE_SIGN_IDENTITY[sdk=iphoneos*]" = "iPhone Developer";
				COPY_PHASE_STRIP = NO;
				GCC_C_LANGUAGE_STANDARD = gnu99;
				GCC_DYNAMIC_NO_PIC = NO;
				GCC_OPTIMIZATION_LEVEL = 0;
				GCC_PREPROCESSOR_DEFINITIONS = (
					"DEBUG=1",
					"$(inherited)",
				);
				GCC_SYMBOLS_PRIVATE_EXTERN = NO;
				GCC_WARN_ABOUT_RETURN_TYPE = YES_ERROR;
				GCC_WARN_UNDECLARED_SELECTOR = YES;
				GCC_WARN_UNINITIALIZED_AUTOS = YES;
				GCC_WARN_UNUSED_FUNCTION = YES;
				GCC_WARN_UNUSED_VARIABLE = YES;
				IPHONEOS_DEPLOYMENT_TARGET = 7.0;
				ONLY_ACTIVE_ARCH = YES;
				SDKROOT = iphoneos;
				TARGETED_DEVICE_FAMILY = "1,2";
			};
			name = Debug;
		};
		CF0A35EB179CFB58000399C4 /* Release */ = {
			isa = XCBuildConfiguration;
			buildSettings = {
				ALWAYS_SEARCH_USER_PATHS = NO;
				CLANG_CXX_LANGUAGE_STANDARD = "gnu++0x";
				CLANG_CXX_LIBRARY = "libc++";
				CLANG_ENABLE_MODULES = YES;
				CLANG_ENABLE_OBJC_ARC = YES;
				CLANG_WARN_BOOL_CONVERSION = YES;
				CLANG_WARN_CONSTANT_CONVERSION = YES;
				CLANG_WARN_DIRECT_OBJC_ISA_USAGE = YES_ERROR;
				CLANG_WARN_EMPTY_BODY = YES;
				CLANG_WARN_ENUM_CONVERSION = YES;
				CLANG_WARN_INT_CONVERSION = YES;
				CLANG_WARN_OBJC_ROOT_CLASS = YES_ERROR;
				CLANG_WARN__DUPLICATE_METHOD_MATCH = YES;
				"CODE_SIGN_IDENTITY[sdk=iphoneos*]" = "iPhone Developer";
				COPY_PHASE_STRIP = YES;
				ENABLE_NS_ASSERTIONS = NO;
				GCC_C_LANGUAGE_STANDARD = gnu99;
				GCC_WARN_ABOUT_RETURN_TYPE = YES_ERROR;
				GCC_WARN_UNDECLARED_SELECTOR = YES;
				GCC_WARN_UNINITIALIZED_AUTOS = YES;
				GCC_WARN_UNUSED_FUNCTION = YES;
				GCC_WARN_UNUSED_VARIABLE = YES;
				IPHONEOS_DEPLOYMENT_TARGET = 7.0;
				SDKROOT = iphoneos;
				TARGETED_DEVICE_FAMILY = "1,2";
				VALIDATE_PRODUCT = YES;
			};
			name = Release;
		};
		CF0A35ED179CFB58000399C4 /* Debug */ = {
			isa = XCBuildConfiguration;
			baseConfigurationReference = 7672486C0EFD4689B560671A /* Pods.xcconfig */;
			buildSettings = {
				ASSETCATALOG_COMPILER_APPICON_NAME = AppIcon;
				ASSETCATALOG_COMPILER_LAUNCHIMAGE_NAME = LaunchImage;
				CLANG_ENABLE_OBJC_ARC = NO;
				CODE_SIGN_IDENTITY = "iPhone Developer";
				"CODE_SIGN_IDENTITY[sdk=iphoneos*]" = "iPhone Developer";
				FRAMEWORK_SEARCH_PATHS = "$(LOCAL_LIBRARY_DIR)/Frameworks";
				GCC_PRECOMPILE_PREFIX_HEADER = YES;
				GCC_PREFIX_HEADER = "Aphelion/Aphelion-Prefix.pch";
				HEADER_SEARCH_PATHS = "headers/**";
				INFOPLIST_FILE = "Aphelion/Aphelion-Info.plist";
				OTHER_LDFLAGS = (
					"-ObjC",
					"-lTestFlight",
					"-lz",
					"-F/Library/Frameworks",
					"-framework",
					Accelerate,
					"-framework",
					CoreGraphics,
					"-framework",
					MobileCoreServices,
					"-framework",
					QuartzCore,
					"-framework",
					Security,
					"-framework",
					SystemConfiguration,
					"-framework",
					JavaScriptCore,
					"-weak-lstdc++",
					/Library/Frameworks/Cycript.framework/Cycript,
				);
				PRODUCT_NAME = "$(TARGET_NAME)";
				PROVISIONING_PROFILE = "";
				RUN_CLANG_STATIC_ANALYZER = YES;
				VALID_ARCHS = "armv7 armv7s";
				WRAPPER_EXTENSION = app;
			};
			name = Debug;
		};
		CF0A35EE179CFB58000399C4 /* Release */ = {
			isa = XCBuildConfiguration;
			baseConfigurationReference = 7672486C0EFD4689B560671A /* Pods.xcconfig */;
			buildSettings = {
				ASSETCATALOG_COMPILER_APPICON_NAME = AppIcon;
				ASSETCATALOG_COMPILER_LAUNCHIMAGE_NAME = LaunchImage;
				CLANG_ENABLE_OBJC_ARC = NO;
				CODE_SIGN_IDENTITY = "iPhone Developer";
				"CODE_SIGN_IDENTITY[sdk=iphoneos*]" = "iPhone Developer";
				FRAMEWORK_SEARCH_PATHS = "$(LOCAL_LIBRARY_DIR)/Frameworks";
				GCC_PRECOMPILE_PREFIX_HEADER = YES;
				GCC_PREFIX_HEADER = "Aphelion/Aphelion-Prefix.pch";
				HEADER_SEARCH_PATHS = "headers/**";
				INFOPLIST_FILE = "Aphelion/Aphelion-Info.plist";
				PRODUCT_NAME = "$(TARGET_NAME)";
				PROVISIONING_PROFILE = "168A9973-387A-4C93-9201-5FFF19335743";
				RUN_CLANG_STATIC_ANALYZER = YES;
				VALID_ARCHS = "armv7 armv7s";
				WRAPPER_EXTENSION = app;
			};
			name = Release;
		};
		CF0A35F0179CFB58000399C4 /* Debug */ = {
			isa = XCBuildConfiguration;
			buildSettings = {
				BUNDLE_LOADER = "$(BUILT_PRODUCTS_DIR)/Aphelion.app/Aphelion";
				FRAMEWORK_SEARCH_PATHS = (
					"$(SDKROOT)/Developer/Library/Frameworks",
					"$(inherited)",
					"$(SYSTEM_APPS_DIR)/Xcode5-DP2.app/Contents/Developer/Library/Frameworks",
				);
				GCC_PRECOMPILE_PREFIX_HEADER = YES;
				GCC_PREFIX_HEADER = "Aphelion/Aphelion-Prefix.pch";
				GCC_PREPROCESSOR_DEFINITIONS = (
					"DEBUG=1",
					"$(inherited)",
				);
				INFOPLIST_FILE = "AphelionTests/AphelionTests-Info.plist";
				PRODUCT_NAME = "$(TARGET_NAME)";
				TEST_HOST = "$(BUNDLE_LOADER)";
				WRAPPER_EXTENSION = xctest;
			};
			name = Debug;
		};
		CF0A35F1179CFB58000399C4 /* Release */ = {
			isa = XCBuildConfiguration;
			buildSettings = {
				BUNDLE_LOADER = "$(BUILT_PRODUCTS_DIR)/Aphelion.app/Aphelion";
				FRAMEWORK_SEARCH_PATHS = (
					"$(SDKROOT)/Developer/Library/Frameworks",
					"$(inherited)",
					"$(SYSTEM_APPS_DIR)/Xcode5-DP2.app/Contents/Developer/Library/Frameworks",
				);
				GCC_PRECOMPILE_PREFIX_HEADER = YES;
				GCC_PREFIX_HEADER = "Aphelion/Aphelion-Prefix.pch";
				INFOPLIST_FILE = "AphelionTests/AphelionTests-Info.plist";
				PRODUCT_NAME = "$(TARGET_NAME)";
				TEST_HOST = "$(BUNDLE_LOADER)";
				WRAPPER_EXTENSION = xctest;
			};
			name = Release;
		};
/* End XCBuildConfiguration section */

/* Begin XCConfigurationList section */
		CF0A35BB179CFB57000399C4 /* Build configuration list for PBXProject "Aphelion" */ = {
			isa = XCConfigurationList;
			buildConfigurations = (
				CF0A35EA179CFB58000399C4 /* Debug */,
				CF0A35EB179CFB58000399C4 /* Release */,
			);
			defaultConfigurationIsVisible = 0;
			defaultConfigurationName = Release;
		};
		CF0A35EC179CFB58000399C4 /* Build configuration list for PBXNativeTarget "Aphelion" */ = {
			isa = XCConfigurationList;
			buildConfigurations = (
				CF0A35ED179CFB58000399C4 /* Debug */,
				CF0A35EE179CFB58000399C4 /* Release */,
			);
			defaultConfigurationIsVisible = 0;
			defaultConfigurationName = Release;
		};
		CF0A35EF179CFB58000399C4 /* Build configuration list for PBXNativeTarget "AphelionTests" */ = {
			isa = XCConfigurationList;
			buildConfigurations = (
				CF0A35F0179CFB58000399C4 /* Debug */,
				CF0A35F1179CFB58000399C4 /* Release */,
			);
			defaultConfigurationIsVisible = 0;
			defaultConfigurationName = Release;
		};
/* End XCConfigurationList section */
	};
	rootObject = CF0A35B8179CFB57000399C4 /* Project object */;
}
